<?xml version="1.0" encoding="utf-8"?>
<Project ToolsVersion="4.0" xmlns="http://schemas.microsoft.com/developer/msbuild/2003">
  <ItemGroup>
    <Filter Include="99.Default">
      <UniqueIdentifier>{12050d82-529f-451b-a007-685621a315bf}</UniqueIdentifier>
    </Filter>
    <Filter Include="00.MainApp">
      <UniqueIdentifier>{ff7e1193-11ee-4989-b76f-f4281bd9f968}</UniqueIdentifier>
    </Filter>
    <Filter Include="98.Headers">
      <UniqueIdentifier>{eb46acd4-0407-4655-9962-2831501e71ed}</UniqueIdentifier>
    </Filter>
    <Filter Include="01.Scene">
      <UniqueIdentifier>{80279647-f98e-4113-8585-9d9b02213ea7}</UniqueIdentifier>
    </Filter>
    <Filter Include="02.GameObject">
      <UniqueIdentifier>{2e720a25-95ad-4795-835d-b5d9da89d356}</UniqueIdentifier>
    </Filter>
    <Filter Include="02.GameObject\Logo">
      <UniqueIdentifier>{8ce732b6-6573-416b-ae66-554a3d05dfaf}</UniqueIdentifier>
    </Filter>
    <Filter Include="02.GameObject\Logo\BackGround">
      <UniqueIdentifier>{3d9e6581-23f3-48d6-bb65-fc4ea5bb4f59}</UniqueIdentifier>
    </Filter>
    <Filter Include="97.ShaderFiles">
      <UniqueIdentifier>{828b8041-cc7e-405f-b922-39f4d3a3ca1a}</UniqueIdentifier>
    </Filter>
    <Filter Include="01.Scene\99.Loading">
      <UniqueIdentifier>{7609c16d-6df2-4f67-8f44-62adf86c8d24}</UniqueIdentifier>
    </Filter>
    <Filter Include="01.Scene\00.Logo">
      <UniqueIdentifier>{bde31f09-2062-43ab-a923-ea90bbb8283a}</UniqueIdentifier>
    </Filter>
    <Filter Include="01.Scene\01.Stage">
      <UniqueIdentifier>{db7e1bcb-3d76-4a33-8aba-ff2365f2932b}</UniqueIdentifier>
    </Filter>
    <Filter Include="02.GameObject\Stage">
      <UniqueIdentifier>{4906a369-b8c8-473f-8723-4cbb692fe9a4}</UniqueIdentifier>
    </Filter>
    <Filter Include="02.GameObject\Public">
      <UniqueIdentifier>{1d29a86d-7d64-48b1-9c03-9130316429e4}</UniqueIdentifier>
    </Filter>
    <Filter Include="02.GameObject\Logo\LogoButton">
      <UniqueIdentifier>{4f8b8664-1d1b-4d2b-8ec4-2bdf40633246}</UniqueIdentifier>
    </Filter>
    <Filter Include="02.GameObject\Stage\1%29 Monster">
      <UniqueIdentifier>{71691d1d-2d69-411b-8330-bcd4d01bfd07}</UniqueIdentifier>
    </Filter>
    <Filter Include="02.GameObject\Stage\3%29 Sky">
      <UniqueIdentifier>{a86a26cf-cb01-4bbb-9eb3-56b9af6d576e}</UniqueIdentifier>
    </Filter>
    <Filter Include="02.GameObject\Stage\2%29 Effect">
      <UniqueIdentifier>{83e29ab0-c6ec-406c-85cf-0fdef8abded7}</UniqueIdentifier>
    </Filter>
    <Filter Include="02.GameObject\Stage\4%29 UI">
      <UniqueIdentifier>{c4430b7f-3cc2-4c69-886a-16a0e0447311}</UniqueIdentifier>
    </Filter>
    <Filter Include="02.GameObject\Stage\0%29 Player">
      <UniqueIdentifier>{ad20ce46-5eec-4c07-8f84-ee15a8e3237c}</UniqueIdentifier>
    </Filter>
    <Filter Include="02.GameObject\Stage\5%29 Weapon">
      <UniqueIdentifier>{6c692abc-5cd0-46ed-bd2d-c6aa9c586e72}</UniqueIdentifier>
    </Filter>
    <Filter Include="02.GameObject\Logo\LogoButton">
      <UniqueIdentifier>{4f8b8664-1d1b-4d2b-8ec4-2bdf40633246}</UniqueIdentifier>
    </Filter>
    <Filter Include="02.GameObject\Stage\4%29 UI\Manager">
      <UniqueIdentifier>{cacbd413-3503-475e-9ca5-17f232cc0b10}</UniqueIdentifier>
    </Filter>
    <Filter Include="02.GameObject\Stage\4%29 UI\Manager\UI_Manager">
      <UniqueIdentifier>{806185d2-30fa-4b86-b4ea-807861ea9ae5}</UniqueIdentifier>
    </Filter>
    <Filter Include="02.GameObject\Stage\4%29 UI\UI">
      <UniqueIdentifier>{97ba43ae-56c0-4c4e-a764-a204e88c96f7}</UniqueIdentifier>
    </Filter>
    <Filter Include="02.GameObject\Stage\4%29 UI\UI\00.PlayerUI">
      <UniqueIdentifier>{4c20310c-aa64-471f-abb8-3bcdda962cbd}</UniqueIdentifier>
    </Filter>
    <Filter Include="02.GameObject\Stage\4%29 UI\UI\00.PlayerUI\PlayerHP">
      <UniqueIdentifier>{71f3b7e5-9b16-4faf-a9d7-c6bc1ae53dfb}</UniqueIdentifier>
    </Filter>
    <Filter Include="02.GameObject\Stage\4%29 UI\UI\00.PlayerUI\PlayerST">
      <UniqueIdentifier>{7f5757df-39ca-4c64-a422-bdf503320c5b}</UniqueIdentifier>
    </Filter>
    <Filter Include="02.GameObject\Stage\4%29 UI\UI\01.MonsterUI">
      <UniqueIdentifier>{c8d63875-25fd-4802-a102-e872f46bb451}</UniqueIdentifier>
    </Filter>
    <Filter Include="02.GameObject\Stage\4%29 UI\UI\02.BossUI">
      <UniqueIdentifier>{525e338f-a342-4a0c-8cd1-1035ddbf57e6}</UniqueIdentifier>
    </Filter>
    <Filter Include="02.GameObject\Stage\4%29 UI\UI\02.BossUI\BossHP">
      <UniqueIdentifier>{ba7467c2-85bc-4b42-a2e0-a42020f8eaf9}</UniqueIdentifier>
    </Filter>
    <Filter Include="02.GameObject\Stage\4%29 UI\UI\02.BossUI\BossDecoUI">
      <UniqueIdentifier>{6fb9265f-38ad-474d-b695-8cf2ee7cc6fb}</UniqueIdentifier>
    </Filter>
    <Filter Include="02.GameObject\Stage\4%29 UI\UI\05.ItemUI">
      <UniqueIdentifier>{4d62bd4a-0cb8-45ca-acfd-0f51cf99d29c}</UniqueIdentifier>
    </Filter>
    <Filter Include="02.GameObject\Stage\4%29 UI\UI\05.ItemUI\Slot_RightArrow">
      <UniqueIdentifier>{70a6a7cf-5edb-479e-b7fb-31c651df2041}</UniqueIdentifier>
    </Filter>
    <Filter Include="02.GameObject\Stage\4%29 UI\UI\05.ItemUI\QuickSlot">
      <UniqueIdentifier>{5b6ad548-d423-48c9-89fc-2bc946bd36b2}</UniqueIdentifier>
    </Filter>
    <Filter Include="02.GameObject\Stage\4%29 UI\UI\05.ItemUI\SubQuickSlot">
      <UniqueIdentifier>{f6c0f01d-b218-4bae-af4e-1032a93aa1e6}</UniqueIdentifier>
    </Filter>
    <Filter Include="02.GameObject\Stage\4%29 UI\UI\05.ItemUI\Slot_LeftArrow">
      <UniqueIdentifier>{5dc3a072-3a2d-49a1-b9e8-0f2645695de7}</UniqueIdentifier>
    </Filter>
    <Filter Include="02.GameObject\Stage\4%29 UI\UI\06.SkillUI">
      <UniqueIdentifier>{8c4af5be-0a54-4b93-812b-2c0df09667ea}</UniqueIdentifier>
    </Filter>
    <Filter Include="02.GameObject\Stage\4%29 UI\UI\06.SkillUI\Active">
      <UniqueIdentifier>{7e698bfa-13e9-4575-b73b-d1b9bc09e095}</UniqueIdentifier>
    </Filter>
    <Filter Include="02.GameObject\Stage\4%29 UI\UI\06.SkillUI\Passive">
      <UniqueIdentifier>{34d53496-60aa-4fd8-8de2-fcb102f66d06}</UniqueIdentifier>
    </Filter>
    <Filter Include="02.GameObject\Stage\4%29 UI\UI\HPBack">
      <UniqueIdentifier>{fa879426-186e-47c8-b86a-a658c605a61a}</UniqueIdentifier>
    </Filter>
    <Filter Include="02.GameObject\Stage\6%29 Item">
      <UniqueIdentifier>{f36caa92-e13e-47aa-a03d-0ac0628f233a}</UniqueIdentifier>
    </Filter>
    <Filter Include="02.GameObject\Stage\6%29 Item\Consume_Item">
      <UniqueIdentifier>{3f8c8425-71fa-449a-ad13-190f7dac9c57}</UniqueIdentifier>
    </Filter>
    <Filter Include="02.GameObject\Stage\4%29 UI\UI\03.Inven_UI">
      <UniqueIdentifier>{fa90bcf0-fdcd-4fec-894f-4da5626f7aa6}</UniqueIdentifier>
    </Filter>
    <Filter Include="02.GameObject\Stage\4%29 UI\UI\03.Inven_UI\Menu_Base">
      <UniqueIdentifier>{d082e6de-ae12-40ef-b40a-28d8eefcd96c}</UniqueIdentifier>
    </Filter>
    <Filter Include="02.GameObject\Stage\4%29 UI\UI\03.Inven_UI\Menu_Status">
      <UniqueIdentifier>{b6beca3b-8dc3-49dd-9ded-040a68de2a27}</UniqueIdentifier>
    </Filter>
    <Filter Include="02.GameObject\Stage\4%29 UI\UI\03.Inven_UI\Menu_Item">
      <UniqueIdentifier>{9ac0ccb5-0056-41cf-9658-b67bbdab9e84}</UniqueIdentifier>
    </Filter>
    <Filter Include="02.GameObject\Stage\4%29 UI\UI\03.Inven_UI\Menu_UI">
      <UniqueIdentifier>{55b60236-e123-4331-a301-2f89533dda3d}</UniqueIdentifier>
    </Filter>
    <Filter Include="02.GameObject\Stage\4%29 UI\UI\03.Inven_UI\SlotCount">
      <UniqueIdentifier>{c81a96cb-8608-4af2-8fff-8a7078a4f187}</UniqueIdentifier>
    </Filter>
    <Filter Include="02.GameObject\Stage\4%29 UI\UI\03.Inven_UI\Menu_Icon">
      <UniqueIdentifier>{e356dbc9-4e67-4f85-b6c4-28fc5014f5f9}</UniqueIdentifier>
    </Filter>
    <Filter Include="02.GameObject\Stage\4%29 UI\UI\03.Inven_UI\Menu_Armor">
      <UniqueIdentifier>{1057774b-9ba7-43f3-92b4-48a754de16fc}</UniqueIdentifier>
    </Filter>
    <Filter Include="02.GameObject\Stage\4%29 UI\UI\03.Inven_UI\Menu_Weapon">
      <UniqueIdentifier>{8304a036-9942-4c1e-9da9-3edc570f1733}</UniqueIdentifier>
    </Filter>
    <Filter Include="02.GameObject\Stage\4%29 UI\UI\03.Inven_UI\Menu_Skill">
      <UniqueIdentifier>{5591fe1d-6c74-4b87-bfdd-647fc96f5b09}</UniqueIdentifier>
    </Filter>
    <Filter Include="02.GameObject\Stage\4%29 UI\UI\03.Inven_UI\Inven_Item">
      <UniqueIdentifier>{92526411-2da6-4413-a820-e41061a121c4}</UniqueIdentifier>
    </Filter>
    <Filter Include="02.GameObject\Stage\4%29 UI\UI\03.Inven_UI\01.ItemSlot">
      <UniqueIdentifier>{c1d17a2b-fd42-44c0-9c88-e1578cadd5a0}</UniqueIdentifier>
    </Filter>
    <Filter Include="02.GameObject\Stage\4%29 UI\UI\03.Inven_UI\00.Inventory">
      <UniqueIdentifier>{13323d62-5e24-43fa-8f22-816e07e19759}</UniqueIdentifier>
    </Filter>
    <Filter Include="01.Scene\98.StageLoader">
      <UniqueIdentifier>{d72f0ec9-9a87-49b1-948e-7dbcf2483c02}</UniqueIdentifier>
    </Filter>
  </ItemGroup>
  <ItemGroup>
    <ClInclude Include="Client.h">
      <Filter>99.Default</Filter>
    </ClInclude>
    <ClInclude Include="Resource.h">
      <Filter>99.Default</Filter>
    </ClInclude>
    <ClInclude Include="stdafx.h">
      <Filter>99.Default</Filter>
    </ClInclude>
    <ClInclude Include="targetver.h">
      <Filter>99.Default</Filter>
    </ClInclude>
    <ClInclude Include="..\Headers\MainApp.h">
      <Filter>00.MainApp</Filter>
    </ClInclude>
    <ClInclude Include="..\Headers\Client_Defines.h">
      <Filter>98.Headers</Filter>
    </ClInclude>
    <ClInclude Include="..\Headers\Scene_Logo.h">
      <Filter>01.Scene\00.Logo</Filter>
    </ClInclude>
    <ClInclude Include="..\Headers\BackGround.h">
      <Filter>02.GameObject\Logo\BackGround</Filter>
    </ClInclude>
    <ClInclude Include="..\Headers\Scene_Stage.h">
      <Filter>01.Scene\01.Stage</Filter>
    </ClInclude>
    <ClInclude Include="..\Headers\Loading.h">
      <Filter>01.Scene\99.Loading</Filter>
    </ClInclude>
    <ClInclude Include="..\Headers\Player.h">
      <Filter>02.GameObject\Stage\0%29 Player</Filter>
    </ClInclude>
    <ClInclude Include="..\Headers\Sky.h">
      <Filter>02.GameObject\Stage\3%29 Sky</Filter>
    </ClInclude>
    <ClInclude Include="..\Headers\TestMonster.h">
      <Filter>02.GameObject\Stage\1%29 Monster</Filter>
    </ClInclude>
    <ClInclude Include="..\Headers\LogoBtn.h">
      <Filter>02.GameObject\Logo\LogoButton</Filter>
    </ClInclude>
    <ClInclude Include="..\Headers\Weapon.h">
      <Filter>02.GameObject\Stage\5%29 Weapon</Filter>
    </ClInclude>
    <ClInclude Include="..\Headers\PlayerHP.h">
      <Filter>02.GameObject\Stage\4%29 UI\UI\00.PlayerUI\PlayerHP</Filter>
    </ClInclude>
    <ClInclude Include="..\Headers\PlayerST.h">
      <Filter>02.GameObject\Stage\4%29 UI\UI\00.PlayerUI\PlayerST</Filter>
    </ClInclude>
    <ClInclude Include="..\Headers\BossHP.h">
      <Filter>02.GameObject\Stage\4%29 UI\UI\02.BossUI\BossHP</Filter>
    </ClInclude>
    <ClInclude Include="..\Headers\BossDecoUI.h">
      <Filter>02.GameObject\Stage\4%29 UI\UI\02.BossUI\BossDecoUI</Filter>
    </ClInclude>
    <ClInclude Include="..\Headers\RightArrow.h">
      <Filter>02.GameObject\Stage\4%29 UI\UI\05.ItemUI\Slot_RightArrow</Filter>
    </ClInclude>
    <ClInclude Include="..\Headers\LeftArrow.h">
      <Filter>02.GameObject\Stage\4%29 UI\UI\05.ItemUI\Slot_LeftArrow</Filter>
    </ClInclude>
    <ClInclude Include="..\Headers\MenuBaseUI.h">
      <Filter>02.GameObject\Stage\4%29 UI\UI\03.Inven_UI\Menu_Base</Filter>
    </ClInclude>
    <ClInclude Include="..\Headers\Menu_UI.h">
      <Filter>02.GameObject\Stage\4%29 UI\UI\03.Inven_UI\Menu_UI</Filter>
    </ClInclude>
    <ClInclude Include="..\Headers\UI_Manager.h">
      <Filter>02.GameObject\Stage\4%29 UI\Manager\UI_Manager</Filter>
    </ClInclude>
    <ClInclude Include="..\Headers\ItemSlot.h">
      <Filter>02.GameObject\Stage\4%29 UI\UI\03.Inven_UI\01.ItemSlot</Filter>
    </ClInclude>
    <ClInclude Include="..\Headers\SlotCnt_UI.h">
      <Filter>02.GameObject\Stage\4%29 UI\UI\03.Inven_UI\SlotCount</Filter>
    </ClInclude>
    <ClInclude Include="..\Headers\Item.h">
      <Filter>02.GameObject\Stage\6%29 Item</Filter>
    </ClInclude>
    <ClInclude Include="..\Headers\Item_QuickSlot.h">
      <Filter>02.GameObject\Stage\4%29 UI\UI\05.ItemUI\QuickSlot</Filter>
    </ClInclude>
    <ClInclude Include="..\Headers\SubQuickSlot.h">
      <Filter>02.GameObject\Stage\4%29 UI\UI\05.ItemUI\SubQuickSlot</Filter>
    </ClInclude>
    <ClInclude Include="..\Headers\MenuIcon.h">
      <Filter>02.GameObject\Stage\4%29 UI\UI\03.Inven_UI\Menu_Icon</Filter>
    </ClInclude>
    <ClInclude Include="..\Headers\Menu_Status.h">
      <Filter>02.GameObject\Stage\4%29 UI\UI\03.Inven_UI\Menu_Status</Filter>
    </ClInclude>
    <ClInclude Include="..\Headers\Menu_Item.h">
      <Filter>02.GameObject\Stage\4%29 UI\UI\03.Inven_UI\Menu_Item</Filter>
    </ClInclude>
    <ClInclude Include="..\Headers\ActiveSkill_UI.h">
      <Filter>02.GameObject\Stage\4%29 UI\UI\06.SkillUI\Active</Filter>
    </ClInclude>
    <ClInclude Include="..\Headers\Menu_Skill.h">
      <Filter>02.GameObject\Stage\4%29 UI\UI\03.Inven_UI\Menu_Skill</Filter>
    </ClInclude>
    <ClInclude Include="..\Headers\HPBack.h">
      <Filter>02.GameObject\Stage\4%29 UI\UI\HPBack</Filter>
    </ClInclude>
    <ClInclude Include="..\Headers\Consume_Item.h">
      <Filter>02.GameObject\Stage\6%29 Item\Consume_Item</Filter>
    </ClInclude>
    <ClInclude Include="..\Headers\Inven_Item.h">
      <Filter>02.GameObject\Stage\4%29 UI\UI\03.Inven_UI\00.Inventory</Filter>
    </ClInclude>
    <ClInclude Include="StageLoader.h">
      <Filter>01.Scene\98.StageLoader</Filter>
    </ClInclude>
  </ItemGroup>
  <ItemGroup>
    <ClCompile Include="Client.cpp">
      <Filter>99.Default</Filter>
    </ClCompile>
    <ClCompile Include="stdafx.cpp">
      <Filter>99.Default</Filter>
    </ClCompile>
    <ClCompile Include="..\Codes\MainApp.cpp">
      <Filter>00.MainApp</Filter>
    </ClCompile>
    <ClCompile Include="..\Codes\Scene_Logo.cpp">
      <Filter>01.Scene\00.Logo</Filter>
    </ClCompile>
    <ClCompile Include="..\Codes\BackGround.cpp">
      <Filter>02.GameObject\Logo\BackGround</Filter>
    </ClCompile>
    <ClCompile Include="..\Codes\Scene_Stage.cpp">
      <Filter>01.Scene\01.Stage</Filter>
    </ClCompile>
    <ClCompile Include="..\Codes\Loading.cpp">
      <Filter>01.Scene\99.Loading</Filter>
    </ClCompile>
    <ClCompile Include="..\Codes\Player.cpp">
      <Filter>02.GameObject\Stage\0%29 Player</Filter>
    </ClCompile>
    <ClCompile Include="..\Codes\Sky.cpp">
      <Filter>02.GameObject\Stage\3%29 Sky</Filter>
    </ClCompile>
    <ClCompile Include="..\Codes\TestMonster.cpp">
      <Filter>02.GameObject\Stage\1%29 Monster</Filter>
    </ClCompile>
    <ClCompile Include="..\Codes\LogoBtn.cpp">
      <Filter>02.GameObject\Logo\LogoButton</Filter>
    </ClCompile>
    <ClCompile Include="..\Codes\Weapon.cpp">
      <Filter>02.GameObject\Stage\5%29 Weapon</Filter>
    </ClCompile>
    <ClCompile Include="..\Codes\PlayerHP.cpp">
      <Filter>02.GameObject\Stage\4%29 UI\UI\00.PlayerUI\PlayerHP</Filter>
    </ClCompile>
    <ClCompile Include="..\Codes\PlayerST.cpp">
      <Filter>02.GameObject\Stage\4%29 UI\UI\00.PlayerUI\PlayerST</Filter>
    </ClCompile>
    <ClCompile Include="..\Codes\BossHP.cpp">
      <Filter>02.GameObject\Stage\4%29 UI\UI\02.BossUI\BossHP</Filter>
    </ClCompile>
    <ClCompile Include="..\Codes\BossDecoUI.cpp">
      <Filter>02.GameObject\Stage\4%29 UI\UI\02.BossUI\BossDecoUI</Filter>
    </ClCompile>
    <ClCompile Include="..\Codes\RightArrow.cpp">
      <Filter>02.GameObject\Stage\4%29 UI\UI\05.ItemUI\Slot_RightArrow</Filter>
    </ClCompile>
    <ClCompile Include="..\Codes\LeftArrow.cpp">
      <Filter>02.GameObject\Stage\4%29 UI\UI\05.ItemUI\Slot_LeftArrow</Filter>
    </ClCompile>
    <ClCompile Include="..\Codes\MenuBaseUI.cpp">
      <Filter>02.GameObject\Stage\4%29 UI\UI\03.Inven_UI\Menu_Base</Filter>
    </ClCompile>
    <ClCompile Include="..\Codes\Menu_UI.cpp">
      <Filter>02.GameObject\Stage\4%29 UI\UI\03.Inven_UI\Menu_UI</Filter>
    </ClCompile>
    <ClCompile Include="..\Codes\UI_Manager.cpp">
      <Filter>02.GameObject\Stage\4%29 UI\Manager\UI_Manager</Filter>
    </ClCompile>
    <ClCompile Include="..\Codes\ItemSlot.cpp">
      <Filter>02.GameObject\Stage\4%29 UI\UI\03.Inven_UI\01.ItemSlot</Filter>
    </ClCompile>
    <ClCompile Include="..\Codes\SlotCnt_UI.cpp">
      <Filter>02.GameObject\Stage\4%29 UI\UI\03.Inven_UI\SlotCount</Filter>
    </ClCompile>
    <ClCompile Include="..\Codes\Item.cpp">
      <Filter>02.GameObject\Stage\6%29 Item</Filter>
    </ClCompile>
    <ClCompile Include="..\Codes\Item_QuickSlot.cpp">
      <Filter>02.GameObject\Stage\4%29 UI\UI\05.ItemUI\QuickSlot</Filter>
    </ClCompile>
    <ClCompile Include="..\Codes\SubQuickSlot.cpp">
      <Filter>02.GameObject\Stage\4%29 UI\UI\05.ItemUI\SubQuickSlot</Filter>
    </ClCompile>
    <ClCompile Include="..\Codes\MenuIcon.cpp">
      <Filter>02.GameObject\Stage\4%29 UI\UI\03.Inven_UI\Menu_Icon</Filter>
    </ClCompile>
    <ClCompile Include="..\Codes\Menu_Status.cpp">
      <Filter>02.GameObject\Stage\4%29 UI\UI\03.Inven_UI\Menu_Status</Filter>
    </ClCompile>
    <ClCompile Include="..\Codes\Menu_Item.cpp">
      <Filter>02.GameObject\Stage\4%29 UI\UI\03.Inven_UI\Menu_Item</Filter>
    </ClCompile>
    <ClCompile Include="..\Codes\ActiveSkill_UI.cpp">
      <Filter>02.GameObject\Stage\4%29 UI\UI\06.SkillUI\Active</Filter>
    </ClCompile>
    <ClCompile Include="..\Codes\Menu_Skill.cpp">
      <Filter>02.GameObject\Stage\4%29 UI\UI\03.Inven_UI\Menu_Skill</Filter>
    </ClCompile>
    <ClCompile Include="..\Codes\HPBack.cpp">
      <Filter>02.GameObject\Stage\4%29 UI\UI\HPBack</Filter>
    </ClCompile>
    <ClCompile Include="..\Codes\Consume_Item.cpp">
      <Filter>02.GameObject\Stage\6%29 Item\Consume_Item</Filter>
    </ClCompile>
    <ClCompile Include="..\Codes\Inven_Item.cpp">
      <Filter>02.GameObject\Stage\4%29 UI\UI\03.Inven_UI\00.Inventory</Filter>
    </ClCompile>
    <ClCompile Include="StageLoader.cpp">
      <Filter>01.Scene\98.StageLoader</Filter>
    </ClCompile>
  </ItemGroup>
  <ItemGroup>
    <Image Include="Client.ico">
      <Filter>99.Default</Filter>
    </Image>
    <Image Include="small.ico">
      <Filter>99.Default</Filter>
    </Image>
  </ItemGroup>
  <ItemGroup>
    <ResourceCompile Include="Client.rc">
      <Filter>99.Default</Filter>
    </ResourceCompile>
  </ItemGroup>
  <ItemGroup>
    <Text Include="ReadMe.txt">
      <Filter>99.Default</Filter>
    </Text>
  </ItemGroup>
  <ItemGroup>
    <FxCompile Include="..\ShaderFiles\Shader_Blend.fx">
      <Filter>97.ShaderFiles</Filter>
    </FxCompile>
    <FxCompile Include="..\ShaderFiles\Shader_Default.fx">
      <Filter>97.ShaderFiles</Filter>
    </FxCompile>
    <FxCompile Include="..\ShaderFiles\Shader_Effect.fx">
      <Filter>97.ShaderFiles</Filter>
    </FxCompile>
    <FxCompile Include="..\ShaderFiles\Shader_Gizmo.fx">
      <Filter>97.ShaderFiles</Filter>
    </FxCompile>
    <FxCompile Include="..\ShaderFiles\Shader_LightAcc.fx">
      <Filter>97.ShaderFiles</Filter>
    </FxCompile>
    <FxCompile Include="..\ShaderFiles\Shader_Mesh.fx">
      <Filter>97.ShaderFiles</Filter>
    </FxCompile>
    <FxCompile Include="..\ShaderFiles\Shader_Sky.fx">
      <Filter>97.ShaderFiles</Filter>
    </FxCompile>
    <FxCompile Include="..\ShaderFiles\Shader_Terrain.fx">
      <Filter>97.ShaderFiles</Filter>
    </FxCompile>
    <FxCompile Include="..\ShaderFiles\Shader_UI.fx">
      <Filter>97.ShaderFiles</Filter>
    </FxCompile>
  </ItemGroup>
</Project>