<?xml version="1.0" encoding="utf-8"?>
<Project ToolsVersion="4.0" xmlns="http://schemas.microsoft.com/developer/msbuild/2003">
  <ItemGroup>
    <Filter Include="00.MainApp">
      <UniqueIdentifier>{ff7e1193-11ee-4989-b76f-f4281bd9f968}</UniqueIdentifier>
    </Filter>
    <Filter Include="98.Headers">
      <UniqueIdentifier>{eb46acd4-0407-4655-9962-2831501e71ed}</UniqueIdentifier>
    </Filter>
    <Filter Include="01.Scene">
      <UniqueIdentifier>{80279647-f98e-4113-8585-9d9b02213ea7}</UniqueIdentifier>
    </Filter>
    <Filter Include="02.GameObject">
      <UniqueIdentifier>{2e720a25-95ad-4795-835d-b5d9da89d356}</UniqueIdentifier>
    </Filter>
    <Filter Include="02.GameObject\Logo">
      <UniqueIdentifier>{8ce732b6-6573-416b-ae66-554a3d05dfaf}</UniqueIdentifier>
    </Filter>
    <Filter Include="02.GameObject\Logo\BackGround">
      <UniqueIdentifier>{3d9e6581-23f3-48d6-bb65-fc4ea5bb4f59}</UniqueIdentifier>
    </Filter>
    <Filter Include="97.ShaderFiles">
      <UniqueIdentifier>{828b8041-cc7e-405f-b922-39f4d3a3ca1a}</UniqueIdentifier>
    </Filter>
    <Filter Include="01.Scene\99.Loading">
      <UniqueIdentifier>{7609c16d-6df2-4f67-8f44-62adf86c8d24}</UniqueIdentifier>
    </Filter>
    <Filter Include="01.Scene\00.Logo">
      <UniqueIdentifier>{bde31f09-2062-43ab-a923-ea90bbb8283a}</UniqueIdentifier>
    </Filter>
    <Filter Include="02.GameObject\Stage">
      <UniqueIdentifier>{4906a369-b8c8-473f-8723-4cbb692fe9a4}</UniqueIdentifier>
    </Filter>
    <Filter Include="02.GameObject\Public">
      <UniqueIdentifier>{1d29a86d-7d64-48b1-9c03-9130316429e4}</UniqueIdentifier>
    </Filter>
    <Filter Include="02.GameObject\Logo\LogoButton">
      <UniqueIdentifier>{4f8b8664-1d1b-4d2b-8ec4-2bdf40633246}</UniqueIdentifier>
    </Filter>
    <Filter Include="02.GameObject\Stage\0%29 Player">
      <UniqueIdentifier>{ad20ce46-5eec-4c07-8f84-ee15a8e3237c}</UniqueIdentifier>
    </Filter>
    <Filter Include="02.GameObject\Logo\LogoButton">
      <UniqueIdentifier>{4f8b8664-1d1b-4d2b-8ec4-2bdf40633246}</UniqueIdentifier>
    </Filter>
    <Filter Include="02.GameObject\Logo\LogoButton">
      <UniqueIdentifier>{4f8b8664-1d1b-4d2b-8ec4-2bdf40633246}</UniqueIdentifier>
    </Filter>
    <Filter Include="01.Scene\98.StageLoader">
      <UniqueIdentifier>{d72f0ec9-9a87-49b1-948e-7dbcf2483c02}</UniqueIdentifier>
    </Filter>
    <Filter Include="01.Scene\01.Title">
      <UniqueIdentifier>{df53b7a2-f104-447b-b23b-ec4bca726083}</UniqueIdentifier>
    </Filter>
    <Filter Include="01.Scene\03.Stage_Base">
      <UniqueIdentifier>{db7e1bcb-3d76-4a33-8aba-ff2365f2932b}</UniqueIdentifier>
    </Filter>
    <Filter Include="01.Scene\05.Stage_02">
      <UniqueIdentifier>{d4029c2f-1095-48e5-aafc-45d0676e9898}</UniqueIdentifier>
    </Filter>
    <Filter Include="01.Scene\04.Stage_01">
      <UniqueIdentifier>{49262417-136a-48a1-ba6f-33fca9b78573}</UniqueIdentifier>
    </Filter>
    <Filter Include="01.Scene\98.StageLoader">
      <UniqueIdentifier>{d72f0ec9-9a87-49b1-948e-7dbcf2483c02}</UniqueIdentifier>
    </Filter>
    <Filter Include="01.Scene\02.Stage_Training">
      <UniqueIdentifier>{f26c5412-c7bf-4b03-861d-fe91398c2b2c}</UniqueIdentifier>
    </Filter>
    <Filter Include="01.Scene\06.Stage_03">
      <UniqueIdentifier>{a123d5e7-5db6-4680-b094-97f030e6f2b7}</UniqueIdentifier>
    </Filter>
    <Filter Include="02.GameObject\Stage\2%29 Monster">
      <UniqueIdentifier>{71691d1d-2d69-411b-8330-bcd4d01bfd07}</UniqueIdentifier>
    </Filter>
    <Filter Include="02.GameObject\Stage\2%29 Monster\00%29 Dummy_Target">
      <UniqueIdentifier>{30189a81-a048-468d-a30c-26360c03ccdb}</UniqueIdentifier>
    </Filter>
    <Filter Include="02.GameObject\Stage\2%29 Monster\Cocoon">
      <UniqueIdentifier>{6c86a1b7-e934-4a45-9bf4-e48f97b7c27b}</UniqueIdentifier>
    </Filter>
    <Filter Include="02.GameObject\Stage\2%29 Monster\Genji">
      <UniqueIdentifier>{46c1a8dc-1d15-4b6e-97ef-572286d156a0}</UniqueIdentifier>
    </Filter>
    <Filter Include="02.GameObject\Stage\2%29 Monster\Wolf">
      <UniqueIdentifier>{fc9f0418-2c4d-45ed-ade0-7b692d0fc94d}</UniqueIdentifier>
    </Filter>
    <Filter Include="02.GameObject\Stage\3%29 Effect">
      <UniqueIdentifier>{83e29ab0-c6ec-406c-85cf-0fdef8abded7}</UniqueIdentifier>
    </Filter>
    <Filter Include="02.GameObject\Stage\4%29 Sky">
      <UniqueIdentifier>{a86a26cf-cb01-4bbb-9eb3-56b9af6d576e}</UniqueIdentifier>
    </Filter>
    <Filter Include="02.GameObject\Stage\5%29 UI">
      <UniqueIdentifier>{c4430b7f-3cc2-4c69-886a-16a0e0447311}</UniqueIdentifier>
    </Filter>
    <Filter Include="02.GameObject\Stage\5%29 UI\Manager">
      <UniqueIdentifier>{cacbd413-3503-475e-9ca5-17f232cc0b10}</UniqueIdentifier>
    </Filter>
    <Filter Include="02.GameObject\Stage\5%29 UI\Manager\UI_Manager">
      <UniqueIdentifier>{806185d2-30fa-4b86-b4ea-807861ea9ae5}</UniqueIdentifier>
    </Filter>
    <Filter Include="02.GameObject\Stage\5%29 UI\Manager\Item_Manager">
      <UniqueIdentifier>{ade95dcd-cb82-48af-b4cd-b701c0241f53}</UniqueIdentifier>
    </Filter>
    <Filter Include="02.GameObject\Stage\5%29 UI\UI">
      <UniqueIdentifier>{97ba43ae-56c0-4c4e-a764-a204e88c96f7}</UniqueIdentifier>
    </Filter>
    <Filter Include="02.GameObject\Stage\5%29 UI\UI\00.PlayerUI">
      <UniqueIdentifier>{4c20310c-aa64-471f-abb8-3bcdda962cbd}</UniqueIdentifier>
    </Filter>
    <Filter Include="02.GameObject\Stage\5%29 UI\UI\00.PlayerUI\PlayerHP">
      <UniqueIdentifier>{71f3b7e5-9b16-4faf-a9d7-c6bc1ae53dfb}</UniqueIdentifier>
    </Filter>
    <Filter Include="02.GameObject\Stage\5%29 UI\UI\00.PlayerUI\PlayerST">
      <UniqueIdentifier>{7f5757df-39ca-4c64-a422-bdf503320c5b}</UniqueIdentifier>
    </Filter>
    <Filter Include="02.GameObject\Stage\5%29 UI\UI\01.MonsterUI">
      <UniqueIdentifier>{c8d63875-25fd-4802-a102-e872f46bb451}</UniqueIdentifier>
    </Filter>
    <Filter Include="02.GameObject\Stage\5%29 UI\UI\02.BossUI">
      <UniqueIdentifier>{525e338f-a342-4a0c-8cd1-1035ddbf57e6}</UniqueIdentifier>
    </Filter>
    <Filter Include="02.GameObject\Stage\5%29 UI\UI\02.BossUI\BossHP">
      <UniqueIdentifier>{ba7467c2-85bc-4b42-a2e0-a42020f8eaf9}</UniqueIdentifier>
    </Filter>
    <Filter Include="02.GameObject\Stage\5%29 UI\UI\02.BossUI\BossDecoUI">
      <UniqueIdentifier>{6fb9265f-38ad-474d-b695-8cf2ee7cc6fb}</UniqueIdentifier>
    </Filter>
    <Filter Include="02.GameObject\Stage\5%29 UI\UI\03.Inven_UI">
      <UniqueIdentifier>{fa90bcf0-fdcd-4fec-894f-4da5626f7aa6}</UniqueIdentifier>
    </Filter>
    <Filter Include="02.GameObject\Stage\5%29 UI\UI\99.Public">
      <UniqueIdentifier>{7c37cd0b-3aa1-4f2a-98a4-27c93e364280}</UniqueIdentifier>
    </Filter>
    <Filter Include="02.GameObject\Stage\0%29 Player\00%29 DrainWeapon">
      <UniqueIdentifier>{3b3dddb5-14c2-4366-8b67-4ae8f25b5dbd}</UniqueIdentifier>
    </Filter>
    <Filter Include="02.GameObject\Stage\6%29 Weapon">
      <UniqueIdentifier>{6c692abc-5cd0-46ed-bd2d-c6aa9c586e72}</UniqueIdentifier>
    </Filter>
    <Filter Include="02.GameObject\Stage\7%29 Item">
      <UniqueIdentifier>{f36caa92-e13e-47aa-a03d-0ac0628f233a}</UniqueIdentifier>
    </Filter>
    <Filter Include="02.GameObject\Stage\1%29 Boss">
      <UniqueIdentifier>{116cc399-c4de-4bec-8f77-4cb25d5806e9}</UniqueIdentifier>
    </Filter>
    <Filter Include="02.GameObject\Stage\1%29 Boss\PoisonButterfly">
      <UniqueIdentifier>{3625e8d8-de25-4c6f-9d0d-1266dcc58923}</UniqueIdentifier>
    </Filter>
    <Filter Include="02.GameObject\Stage\1%29 Boss\CatWoman">
      <UniqueIdentifier>{e568e588-f565-417a-acdc-050897a061aa}</UniqueIdentifier>
    </Filter>
    <Filter Include="02.GameObject\Stage\2%29 Monster\Genji\Gun">
      <UniqueIdentifier>{2559073b-348a-4906-a8bc-c47e3dbfa5fe}</UniqueIdentifier>
    </Filter>
    <Filter Include="02.GameObject\Stage\2%29 Monster\Genji\Sword">
      <UniqueIdentifier>{562d86e8-2e5b-4e7d-a71a-301e8da919d3}</UniqueIdentifier>
    </Filter>
    <Filter Include="02.GameObject\Stage\2%29 Monster\Genji\SwordShield">
      <UniqueIdentifier>{5b4cc628-da0e-4139-9edb-071b0c3e44a2}</UniqueIdentifier>
    </Filter>
    <Filter Include="02.GameObject\Stage\5%29 UI\UI\03.Inven_UI\00.Inventory">
      <UniqueIdentifier>{fbb9eebb-0115-4c1d-b18b-aaf34456cc64}</UniqueIdentifier>
    </Filter>
    <Filter Include="02.GameObject\Stage\5%29 UI\UI\03.Inven_UI\00.Inventory\00.Expendables">
      <UniqueIdentifier>{484fd163-0816-4ace-b516-a0792b4bf746}</UniqueIdentifier>
    </Filter>
    <Filter Include="02.GameObject\Stage\5%29 UI\UI\03.Inven_UI\00.Inventory\01.Material">
      <UniqueIdentifier>{edbb712f-99ed-4176-8fe6-f6d4a309128c}</UniqueIdentifier>
    </Filter>
    <Filter Include="02.GameObject\Stage\5%29 UI\UI\03.Inven_UI\00.Inventory\02.Weapon">
      <UniqueIdentifier>{0411840e-56a2-4102-b275-5dd352527769}</UniqueIdentifier>
    </Filter>
    <Filter Include="02.GameObject\Stage\5%29 UI\UI\03.Inven_UI\00.Inventory\03.Armor">
      <UniqueIdentifier>{c74a0f26-5350-4ec3-be29-d36fa03dd4f2}</UniqueIdentifier>
    </Filter>
    <Filter Include="02.GameObject\Stage\5%29 UI\UI\03.Inven_UI\01.Slot">
      <UniqueIdentifier>{8557ee1c-0ae2-4985-b8ab-cad019c63059}</UniqueIdentifier>
    </Filter>
    <Filter Include="02.GameObject\Stage\5%29 UI\UI\03.Inven_UI\01.Slot\00.Expendables">
      <UniqueIdentifier>{201a6bfc-592e-4a89-a556-6ab0ed44539c}</UniqueIdentifier>
    </Filter>
    <Filter Include="02.GameObject\Stage\5%29 UI\UI\03.Inven_UI\01.Slot\01.Material">
      <UniqueIdentifier>{92682b53-08c2-4e4e-af0f-37fb9b51de5f}</UniqueIdentifier>
    </Filter>
    <Filter Include="02.GameObject\Stage\5%29 UI\UI\03.Inven_UI\01.Slot\02.Weapon">
      <UniqueIdentifier>{86c015b7-0164-4e44-b64b-2206e137eed8}</UniqueIdentifier>
    </Filter>
    <Filter Include="02.GameObject\Stage\5%29 UI\UI\03.Inven_UI\01.Slot\03.Armor">
      <UniqueIdentifier>{e8e4cc39-9ee1-4b5a-8041-b5297b1ff062}</UniqueIdentifier>
    </Filter>
    <Filter Include="02.GameObject\Stage\7%29 Item\Expendables%28소모품%29">
      <UniqueIdentifier>{82ccf283-b9e8-46ac-a09e-abfa76b6e169}</UniqueIdentifier>
    </Filter>
    <Filter Include="02.GameObject\Stage\7%29 Item\Material%28재료%29">
      <UniqueIdentifier>{924ab983-b201-4c9c-bc23-a953d27ee152}</UniqueIdentifier>
    </Filter>
    <Filter Include="02.GameObject\Stage\5%29 UI\UI\06. Get_ItemUI">
      <UniqueIdentifier>{1109951a-a48a-447c-bb46-b5d93621bebb}</UniqueIdentifier>
    </Filter>
    <Filter Include="02.GameObject\Stage\5%29 UI\UI\06. Get_ItemUI\PickUp_ItemUI">
      <UniqueIdentifier>{e70d6cb8-960a-4b13-88a5-ffae11c3cd3c}</UniqueIdentifier>
    </Filter>
    <Filter Include="99.Default">
      <UniqueIdentifier>{12050d82-529f-451b-a007-685621a315bf}</UniqueIdentifier>
    </Filter>
    <Filter Include="02.GameObject\Stage\1%29 Boss\PoisonButterfly\Bullet">
      <UniqueIdentifier>{9fe0c9c4-700a-4361-889f-770896093c16}</UniqueIdentifier>
    </Filter>
    <Filter Include="02.GameObject\Stage\5%29 UI\UI\03.Inven_UI\02.Icon">
      <UniqueIdentifier>{e2162bb6-af71-45f9-aa7c-1cec88822749}</UniqueIdentifier>
    </Filter>
    <Filter Include="02.GameObject\Stage\5%29 UI\UI\03.Inven_UI\02.Icon\BloodCode_Icon">
      <UniqueIdentifier>{1d333b8b-cb97-47f1-95d1-5dd480f56ebf}</UniqueIdentifier>
    </Filter>
    <Filter Include="02.GameObject\Stage\5%29 UI\UI\03.Inven_UI\02.Icon\Inventory_Icon">
      <UniqueIdentifier>{4cda91cb-33a6-4ad8-bb12-0f4812e58cee}</UniqueIdentifier>
    </Filter>
    <Filter Include="02.GameObject\Stage\5%29 UI\UI\03.Inven_UI\00.Inventory\04.Inventory">
      <UniqueIdentifier>{09832318-953c-427e-a127-5e3381248a73}</UniqueIdentifier>
    </Filter>
    <Filter Include="02.GameObject\Stage\5%29 UI\UI\03.Inven_UI\00.Inventory\05.Total_Inven">
      <UniqueIdentifier>{6e5040da-f8c6-46d6-87ac-1b0648859ebe}</UniqueIdentifier>
    </Filter>
    <Filter Include="02.GameObject\Stage\5%29 UI\UI\03.Inven_UI\01.Slot\08. InfoSlot">
      <UniqueIdentifier>{343ae753-bdb9-4056-b045-a2752feb235f}</UniqueIdentifier>
    </Filter>
    <Filter Include="02.GameObject\Stage\5%29 UI\UI\07. MassageUI">
      <UniqueIdentifier>{540b3aae-02d4-4cfe-b5dc-cb949b85ba2b}</UniqueIdentifier>
    </Filter>
    <Filter Include="02.GameObject\Stage\5%29 UI\UI\08. FontNumUI">
      <UniqueIdentifier>{f54790f9-c2fc-4c6a-a639-8f88c1dd47a1}</UniqueIdentifier>
    </Filter>
    <Filter Include="02.GameObject\Stage\5%29 UI\UI\01.MonsterUI\DamegeNumUI">
      <UniqueIdentifier>{17a28e90-9dc3-42dc-a9ea-6b93496b8371}</UniqueIdentifier>
    </Filter>
    <Filter Include="02.GameObject\Stage\5%29 UI\UI\05.QuickSlot">
      <UniqueIdentifier>{c9068e77-c3c0-46a6-806f-2bc35d7df3b2}</UniqueIdentifier>
    </Filter>
    <Filter Include="02.GameObject\Stage\1%29 Boss\QueensKnight">
      <UniqueIdentifier>{56eb2454-6ae7-4808-8b79-23b6f0bab7d0}</UniqueIdentifier>
    </Filter>
    <Filter Include="02.GameObject\Stage\9%29 Player_Colleague">
      <UniqueIdentifier>{1f602b6c-aa64-4d4c-bacd-47f6e9664c69}</UniqueIdentifier>
    </Filter>
    <Filter Include="02.GameObject\Stage\1%29 Boss\IceGirl">
      <UniqueIdentifier>{0ab9c86b-2185-4121-8c5c-00c09b1d1224}</UniqueIdentifier>
    </Filter>
    <Filter Include="02.GameObject\Stage\1%29 Boss\IceGirl\Bullet">
      <UniqueIdentifier>{c3b3ceff-e5cb-4a51-9a99-9ee6263b5ede}</UniqueIdentifier>
    </Filter>
    <Filter Include="02.GameObject\Stage\2%29 Monster\Hunter">
      <UniqueIdentifier>{9d1fcedc-7a87-43f7-9249-2bfd7cac9360}</UniqueIdentifier>
    </Filter>
    <Filter Include="02.GameObject\Stage\2%29 Monster\Monkey">
      <UniqueIdentifier>{3476f351-4dca-4100-8afd-c35eafac557d}</UniqueIdentifier>
    </Filter>
    <Filter Include="02.GameObject\Stage\1%29 Boss\FireBoy">
      <UniqueIdentifier>{513f084f-d270-4483-b705-d20c5f6c1dcd}</UniqueIdentifier>
    </Filter>
    <Filter Include="02.GameObject\Stage\1%29 Boss\FireBoy\Bullet">
      <UniqueIdentifier>{1d51d55f-d3ac-469e-87df-0681117bbe47}</UniqueIdentifier>
    </Filter>
    <Filter Include="02.GameObject\Stage\2%29 Monster\YachaMan">
      <UniqueIdentifier>{bfc4fef8-8742-4708-90db-12cc5deea4bc}</UniqueIdentifier>
    </Filter>
    <Filter Include="02.GameObject\Stage\1%29 Boss\QueensKnight\Bullet">
      <UniqueIdentifier>{02557925-0ab4-4d6f-acd5-074c828df50f}</UniqueIdentifier>
    </Filter>
    <Filter Include="02.GameObject\Stage\5%29 UI\UI\09. SkillUI">
      <UniqueIdentifier>{697f7d9c-48af-442b-945c-1fdf1a73e82c}</UniqueIdentifier>
    </Filter>
    <Filter Include="02.GameObject\Stage\5%29 UI\UI\09. SkillUI\01. Passive_Icon">
      <UniqueIdentifier>{c4ae27f0-86e5-4227-8174-2affb7b92bc7}</UniqueIdentifier>
    </Filter>
    <Filter Include="02.GameObject\Stage\5%29 UI\UI\09. SkillUI\00. Active_Icon">
      <UniqueIdentifier>{85537e19-2320-4379-9761-438389ebdc4e}</UniqueIdentifier>
    </Filter>
    <Filter Include="02.GameObject\Public\0%29 Loading_Screen">
      <UniqueIdentifier>{848c0091-6900-439e-a3ff-a2574ee579d9}</UniqueIdentifier>
    </Filter>
    <Filter Include="02.GameObject\Public\1%29 Loading_Bar">
      <UniqueIdentifier>{9027abf8-6974-4ec1-89be-91d9e1136281}</UniqueIdentifier>
    </Filter>
    <Filter Include="02.GameObject\Stage\5%29 UI\UI\09. SkillUI\02. Skill_Gauge">
      <UniqueIdentifier>{9344aeea-9f00-4a6a-9f3b-7ed70201211c}</UniqueIdentifier>
    </Filter>
    <Filter Include="02.GameObject\Stage\5%29 UI\UI\99.Public\CursorEffect">
      <UniqueIdentifier>{ec8321fa-e6ad-47b6-961a-500dcfb5f253}</UniqueIdentifier>
    </Filter>
    <Filter Include="02.GameObject\Stage\5%29 UI\UI\10. StageSelectUI">
      <UniqueIdentifier>{ca9cdb7b-a42d-4c16-b7f2-f06efa0c308a}</UniqueIdentifier>
    </Filter>
    <Filter Include="02.GameObject\Stage\5%29 UI\UI\10. StageSelectUI\00. StageUI">
      <UniqueIdentifier>{505498ed-7266-43d8-a958-b58b7f9a17ca}</UniqueIdentifier>
    </Filter>
    <Filter Include="02.GameObject\Stage\5%29 UI\UI\11. MistletoeUI">
      <UniqueIdentifier>{2802b2ac-0ec1-41b3-aadf-0bdde2ae11e1}</UniqueIdentifier>
    </Filter>
    <Filter Include="02.GameObject\Stage\5%29 UI\UI\11. MistletoeUI\MistletoeOptionUI">
      <UniqueIdentifier>{0b0ee04a-19b5-4b1b-af33-a73a1ca5b1d7}</UniqueIdentifier>
    </Filter>
    <Filter Include="02.GameObject\Stage\5%29 UI\UI\10. StageSelectUI\01. SubStageUI">
      <UniqueIdentifier>{33d8fede-e628-4693-af1c-659eeaa55cb8}</UniqueIdentifier>
    </Filter>
    <Filter Include="02.GameObject\Stage\5%29 UI\UI\12. StatusUI">
      <UniqueIdentifier>{1aa2c897-ffcd-488f-b872-49f53dc17a1f}</UniqueIdentifier>
    </Filter>
    <Filter Include="02.GameObject\Stage\5%29 UI\UI\12. StatusUI\00. ExpUI">
      <UniqueIdentifier>{fe157272-20da-4676-a76b-1ca260ddb60b}</UniqueIdentifier>
    </Filter>
    <Filter Include="02.GameObject\Stage\5%29 UI\UI\12. StatusUI\01. ConditionUI">
      <UniqueIdentifier>{9b339e42-94a5-4c14-a3c2-62873b190336}</UniqueIdentifier>
    </Filter>
    <Filter Include="01.Scene\07.Stage_04">
      <UniqueIdentifier>{611068cf-9c1d-4742-a02d-bc7dcc4c9523}</UniqueIdentifier>
    </Filter>
    <Filter Include="02.GameObject\Stage\2%29 Monster\Yeti">
      <UniqueIdentifier>{4c67a91e-485e-4b42-aa04-6f2f960e43cc}</UniqueIdentifier>
    </Filter>
    <Filter Include="02.GameObject\Stage\1%29 Boss\DeerKing">
      <UniqueIdentifier>{9fa46d4c-a75f-4503-a4b0-aadcb2b7a341}</UniqueIdentifier>
    </Filter>
    <Filter Include="02.GameObject\Stage\1%29 Boss\DeerKing\Bullet">
      <UniqueIdentifier>{73d2ac76-9697-48fb-9005-32929a632e5c}</UniqueIdentifier>
    </Filter>
    <Filter Include="96.ScriptManager">
      <UniqueIdentifier>{9372b392-605d-4457-b3ad-1ab7fac2fc17}</UniqueIdentifier>
    </Filter>
    <Filter Include="02.GameObject\Stage\2%29 Monster\Urchin">
      <UniqueIdentifier>{d5078eb0-dcf5-4078-8ad4-dfe766841a1d}</UniqueIdentifier>
    </Filter>
    <Filter Include="02.GameObject\Stage\2%29 Monster\ThaiMan">
      <UniqueIdentifier>{a84f0e54-8d5e-4ead-973c-244a2a95b65a}</UniqueIdentifier>
    </Filter>
    <Filter Include="02.GameObject\Stage\5%29 UI\UI\08. FontNumUI\PlayerFontUI">
      <UniqueIdentifier>{0d91f626-46bc-46dc-a493-613d6097be46}</UniqueIdentifier>
    </Filter>
    <Filter Include="02.GameObject\Stage\5%29 UI\UI\13. BloodCodeMenuUI">
      <UniqueIdentifier>{40a1db44-79e3-4c12-8a99-e1cc3ce1a318}</UniqueIdentifier>
    </Filter>
    <Filter Include="02.GameObject\Stage\5%29 UI\UI\13. BloodCodeMenuUI\00. BloodCodeSelectUI">
      <UniqueIdentifier>{67dfd12a-2bfa-4e94-a6e3-5314377fe6b5}</UniqueIdentifier>
    </Filter>
    <Filter Include="02.GameObject\Stage\5%29 UI\UI\13. BloodCodeMenuUI\00. BloodCodeSelectUI\BloodCodeSlot">
      <UniqueIdentifier>{e51672cf-7238-43b8-a85c-2b1947da53a1}</UniqueIdentifier>
    </Filter>
    <Filter Include="02.GameObject\Stage\5%29 UI\UI\13. BloodCodeMenuUI\01. SkillReleaseUI">
      <UniqueIdentifier>{7d9fed8c-3193-4b82-9214-fd22a8f428d8}</UniqueIdentifier>
    </Filter>
    <Filter Include="02.GameObject\Stage\5%29 UI\UI\13. BloodCodeMenuUI\01. SkillReleaseUI\BloodSkillSlot">
      <UniqueIdentifier>{01f02169-ac21-4408-b63f-6316d8663c6a}</UniqueIdentifier>
    </Filter>
    <Filter Include="02.GameObject\Stage\Physx">
      <UniqueIdentifier>{f938be75-5d5f-48db-a32a-8200fcf0c724}</UniqueIdentifier>
    </Filter>
    <Filter Include="02.GameObject\Stage\7%29 Item\Haze">
      <UniqueIdentifier>{c9d108fb-1149-4118-9ee2-ca3f032f5f37}</UniqueIdentifier>
    </Filter>
    <Filter Include="02.GameObject\Stage\10%29 Pet">
      <UniqueIdentifier>{b1bb6ae7-348a-4f21-ab97-a86a07b67818}</UniqueIdentifier>
    </Filter>
    <Filter Include="02.GameObject\Stage\5%29 UI\UI\13. BloodCodeMenuUI\01. SkillReleaseUI\BloodSkillCursor">
      <UniqueIdentifier>{3799a4ea-69d8-44a0-b02a-5e7170f87bec}</UniqueIdentifier>
    </Filter>
    <Filter Include="02.GameObject\Stage\5%29 UI\UI\03.Inven_UI\01.Slot\09. BloodCodeUI">
      <UniqueIdentifier>{9de20518-f4f0-4698-8b19-40542809fe4b}</UniqueIdentifier>
    </Filter>
    <Filter Include="02.GameObject\Stage\3%29 Effect\Effect_BloodChunk">
      <UniqueIdentifier>{8542ba52-849a-4f72-9adb-dadef6271e64}</UniqueIdentifier>
    </Filter>
    <Filter Include="02.GameObject\Stage\3%29 Effect\Effect_LongSpark">
      <UniqueIdentifier>{d02d899c-e7ce-4704-87d6-95604731ae1c}</UniqueIdentifier>
    </Filter>
    <Filter Include="02.GameObject\Stage\4%29 Sky\Sky_Blur">
      <UniqueIdentifier>{e26662a0-49b8-4981-9df3-3236773c32a1}</UniqueIdentifier>
    </Filter>
    <Filter Include="02.GameObject\Stage\5%29 UI\UI\13. BloodCodeMenuUI\01. SkillReleaseUI\SkillReleaseMasage">
      <UniqueIdentifier>{dc2c6631-99a6-4970-9681-c15245b8219c}</UniqueIdentifier>
    </Filter>
    <Filter Include="02.GameObject\Stage\5%29 UI\UI\13. BloodCodeMenuUI\02. BloodCodeOwner">
      <UniqueIdentifier>{0ca63a38-c6a4-47e9-9425-81570c8dcbfd}</UniqueIdentifier>
    </Filter>
    <Filter Include="02.GameObject\Stage\5%29 UI\UI\13. BloodCodeMenuUI\01. SkillReleaseUI\SkillAcquisitionUI">
      <UniqueIdentifier>{bbfa188e-2624-4f13-896b-9dd2806721b5}</UniqueIdentifier>
    </Filter>
    <Filter Include="02.GameObject\Stage\5%29 UI\UI\03.Inven_UI\00.Inventory\07. Skill_Inven">
      <UniqueIdentifier>{2fcd7779-fb91-4640-b0cd-1f31bff5cc5e}</UniqueIdentifier>
    </Filter>
    <Filter Include="02.GameObject\Stage\5%29 UI\UI\03.Inven_UI\01.Slot\10. SkillSlot">
      <UniqueIdentifier>{0a7dac9f-8188-4331-8b3d-aa9a54e399e7}</UniqueIdentifier>
    </Filter>
    <Filter Include="02.GameObject\Stage\5%29 UI\UI\03.Inven_UI\02.Icon\SkillIcon">
      <UniqueIdentifier>{49122cd9-a09a-4a0c-b445-9ba57b8cf2ac}</UniqueIdentifier>
    </Filter>
    <Filter Include="02.GameObject\Stage\5%29 UI\UI\13. BloodCodeMenuUI\01. SkillReleaseUI\SkillReleaseUI">
      <UniqueIdentifier>{5baab775-370b-4520-8364-36515fc23027}</UniqueIdentifier>
    </Filter>
    <Filter Include="02.GameObject\Stage\10%29 Pet\01.PoisonButterFly">
      <UniqueIdentifier>{2f0b99ca-05de-474b-a3f2-deaf4be55682}</UniqueIdentifier>
    </Filter>
    <Filter Include="02.GameObject\Stage\10%29 Pet\02.DeerKing">
      <UniqueIdentifier>{12d43b02-9be4-4bc8-8f7d-849ac5ca6a8d}</UniqueIdentifier>
    </Filter>
    <Filter Include="02.GameObject\Stage\5%29 UI\UI\03.Inven_UI\00.Inventory\08. Pet_Inven">
      <UniqueIdentifier>{a7a0f26e-f1c3-4bbe-a84d-2ece8c87140c}</UniqueIdentifier>
    </Filter>
    <Filter Include="02.GameObject\Stage\5%29 UI\UI\03.Inven_UI\02.Icon\NoticeUI">
      <UniqueIdentifier>{d6168e56-8109-4605-a1de-3973f41c30f5}</UniqueIdentifier>
    </Filter>
    <Filter Include="02.GameObject\Stage\5%29 UI\UI\14. Font">
      <UniqueIdentifier>{9691fea8-3f8e-4447-bf24-3e5f1e4fa387}</UniqueIdentifier>
    </Filter>
    <Filter Include="02.GameObject\Stage\5%29 UI\UI\15. Colleague UI">
      <UniqueIdentifier>{6fe37e52-06eb-4099-bb5e-470d524b5252}</UniqueIdentifier>
    </Filter>
    <Filter Include="02.GameObject\Stage\9%29 Player_Colleague\Colleague Bullet">
      <UniqueIdentifier>{a93ed83b-41f1-47ce-a5ca-e53379d49d9f}</UniqueIdentifier>
    </Filter>
    <Filter Include="02.GameObject\Stage\9%29 Player_Colleague\Colleague Bullet\Att Bullet">
      <UniqueIdentifier>{d44928ac-994f-42bb-93e2-14c3cda384e6}</UniqueIdentifier>
    </Filter>
    <Filter Include="02.GameObject\Stage\9%29 Player_Colleague\Colleague Bullet\Heal Bullet">
      <UniqueIdentifier>{b84dff3e-d563-4cc5-bc33-692582cf11b8}</UniqueIdentifier>
    </Filter>
    <Filter Include="02.GameObject\Stage\5%29 UI\UI\15. Colleague UI\Colleague Jack">
      <UniqueIdentifier>{1256d69f-6532-4f43-93af-fc4859017616}</UniqueIdentifier>
    </Filter>
    <Filter Include="02.GameObject\Stage\3%29 Effect\Effect_FireFlower">
      <UniqueIdentifier>{e3f3b1d2-c8df-469c-b4a2-7ebc9b7ebbc1}</UniqueIdentifier>
    </Filter>
    <Filter Include="02.GameObject\Stage\5%29 UI\UI\03.Inven_UI\01.Slot\11.PetSlot">
      <UniqueIdentifier>{e1619559-c327-4def-8b62-b9b38a871adb}</UniqueIdentifier>
    </Filter>
    <Filter Include="95. SoundManager">
      <UniqueIdentifier>{e4f55a90-9a32-4788-a5b8-44ef84c5e70e}</UniqueIdentifier>
    </Filter>
    <Filter Include="94. StageAgent">
      <UniqueIdentifier>{4dcdf895-5442-4efd-aeeb-a5e9547eaed6}</UniqueIdentifier>
    </Filter>
    <Filter Include="02.GameObject\Stage\0%29 Player\01%29 Costume">
      <UniqueIdentifier>{fb9e8e53-a817-46da-b751-1fe5abd1c284}</UniqueIdentifier>
    </Filter>
    <Filter Include="02.GameObject\Stage\0%29 Player\01%29 Costume\[1] Hair">
      <UniqueIdentifier>{7f462560-9057-4fa4-ac19-b1a9f293ab64}</UniqueIdentifier>
    </Filter>
    <Filter Include="02.GameObject\Stage\0%29 Player\01%29 Costume\[2] Outer">
      <UniqueIdentifier>{554d7a5c-d8fa-46d4-9db4-34f13afd960b}</UniqueIdentifier>
    </Filter>
    <Filter Include="02.GameObject\Stage\0%29 Player\01%29 Costume\[3] Accessory">
      <UniqueIdentifier>{a9416921-45fb-498f-978c-3e12343dcd6f}</UniqueIdentifier>
    </Filter>
    <Filter Include="02.GameObject\Stage\5%29 UI\UI\04. HazeUI">
      <UniqueIdentifier>{b43ab97b-58b5-48ec-bf6c-e7cb04438b4a}</UniqueIdentifier>
    </Filter>
    <Filter Include="02.GameObject\Stage\5%29 UI\UI\99.Public\MouseUI">
      <UniqueIdentifier>{2bfceb16-1374-4a01-9881-b5af3154309b}</UniqueIdentifier>
    </Filter>
  </ItemGroup>
  <ItemGroup>
    <ClInclude Include="Client.h">
      <Filter>99.Default</Filter>
    </ClInclude>
    <ClInclude Include="Resource.h">
      <Filter>99.Default</Filter>
    </ClInclude>
    <ClInclude Include="stdafx.h">
      <Filter>99.Default</Filter>
    </ClInclude>
    <ClInclude Include="targetver.h">
      <Filter>99.Default</Filter>
    </ClInclude>
    <ClInclude Include="..\Headers\MainApp.h">
      <Filter>00.MainApp</Filter>
    </ClInclude>
    <ClInclude Include="..\Headers\Client_Defines.h">
      <Filter>98.Headers</Filter>
    </ClInclude>
    <ClInclude Include="..\Headers\Scene_Logo.h">
      <Filter>01.Scene\00.Logo</Filter>
    </ClInclude>
    <ClInclude Include="..\Headers\BackGround.h">
      <Filter>02.GameObject\Logo\BackGround</Filter>
    </ClInclude>
    <ClInclude Include="..\Headers\Loading.h">
      <Filter>01.Scene\99.Loading</Filter>
    </ClInclude>
    <ClInclude Include="..\Headers\Player.h">
      <Filter>02.GameObject\Stage\0%29 Player</Filter>
    </ClInclude>
    <ClInclude Include="..\Headers\Sky.h">
      <Filter>02.GameObject\Stage\4%29 Sky</Filter>
    </ClInclude>
    <ClInclude Include="..\Headers\LogoBtn.h">
      <Filter>02.GameObject\Logo\LogoButton</Filter>
    </ClInclude>
    <ClInclude Include="..\Headers\Weapon.h">
      <Filter>02.GameObject\Stage\6%29 Weapon</Filter>
    </ClInclude>
    <ClInclude Include="..\Headers\PlayerHP.h">
      <Filter>02.GameObject\Stage\5%29 UI\UI\00.PlayerUI\PlayerHP</Filter>
    </ClInclude>
    <ClInclude Include="..\Headers\PlayerST.h">
      <Filter>02.GameObject\Stage\5%29 UI\UI\00.PlayerUI\PlayerST</Filter>
    </ClInclude>
    <ClInclude Include="..\Headers\BossHP.h">
      <Filter>02.GameObject\Stage\5%29 UI\UI\02.BossUI\BossHP</Filter>
    </ClInclude>
    <ClInclude Include="..\Headers\BossDecoUI.h">
      <Filter>02.GameObject\Stage\5%29 UI\UI\02.BossUI\BossDecoUI</Filter>
    </ClInclude>
    <ClInclude Include="..\Headers\UI_Manager.h">
      <Filter>02.GameObject\Stage\5%29 UI\Manager\UI_Manager</Filter>
    </ClInclude>
    <ClInclude Include="..\Headers\Item_Manager.h">
      <Filter>02.GameObject\Stage\5%29 UI\Manager\Item_Manager</Filter>
    </ClInclude>
    <ClInclude Include="..\Headers\Dummy_Target.h">
      <Filter>02.GameObject\Stage\2%29 Monster\00%29 Dummy_Target</Filter>
    </ClInclude>
    <ClInclude Include="..\Headers\PoisonButterfly.h">
      <Filter>02.GameObject\Stage\1%29 Boss\PoisonButterfly</Filter>
    </ClInclude>
    <ClInclude Include="..\Headers\Scene_Title.h">
      <Filter>01.Scene\01.Title</Filter>
    </ClInclude>
    <ClInclude Include="..\Headers\Scene_Stage_Base.h">
      <Filter>01.Scene\03.Stage_Base</Filter>
    </ClInclude>
    <ClInclude Include="..\Headers\Scene_Stage_02.h">
      <Filter>01.Scene\05.Stage_02</Filter>
    </ClInclude>
    <ClInclude Include="..\Headers\Scene_Stage_01.h">
      <Filter>01.Scene\04.Stage_01</Filter>
    </ClInclude>
    <ClInclude Include="..\Headers\Scene_Stage_Training.h">
      <Filter>01.Scene\02.Stage_Training</Filter>
    </ClInclude>
    <ClInclude Include="..\Headers\Scene_Stage_03.h">
      <Filter>01.Scene\06.Stage_03</Filter>
    </ClInclude>
    <ClInclude Include="..\Headers\QuickSlot.h">
      <Filter>02.GameObject\Stage\5%29 UI\UI\05.QuickSlot</Filter>
    </ClInclude>
    <ClInclude Include="..\Headers\Expendables_Inven.h">
      <Filter>02.GameObject\Stage\5%29 UI\UI\03.Inven_UI\00.Inventory\00.Expendables</Filter>
    </ClInclude>
    <ClInclude Include="..\Headers\Material_Inven.h">
      <Filter>02.GameObject\Stage\5%29 UI\UI\03.Inven_UI\00.Inventory\01.Material</Filter>
    </ClInclude>
    <ClInclude Include="..\Headers\Weapon_Inven.h">
      <Filter>02.GameObject\Stage\5%29 UI\UI\03.Inven_UI\00.Inventory\02.Weapon</Filter>
    </ClInclude>
    <ClInclude Include="..\Headers\Armor_Inven.h">
      <Filter>02.GameObject\Stage\5%29 UI\UI\03.Inven_UI\00.Inventory\03.Armor</Filter>
    </ClInclude>
    <ClInclude Include="..\Headers\Expendables_Slot.h">
      <Filter>02.GameObject\Stage\5%29 UI\UI\03.Inven_UI\01.Slot\00.Expendables</Filter>
    </ClInclude>
    <ClInclude Include="..\Headers\Material_Slot.h">
      <Filter>02.GameObject\Stage\5%29 UI\UI\03.Inven_UI\01.Slot\01.Material</Filter>
    </ClInclude>
    <ClInclude Include="..\Headers\Weapon_Slot.h">
      <Filter>02.GameObject\Stage\5%29 UI\UI\03.Inven_UI\01.Slot\02.Weapon</Filter>
    </ClInclude>
    <ClInclude Include="..\Headers\Armor_Slot.h">
      <Filter>02.GameObject\Stage\5%29 UI\UI\03.Inven_UI\01.Slot\03.Armor</Filter>
    </ClInclude>
    <ClInclude Include="..\Headers\Expendables.h">
      <Filter>02.GameObject\Stage\7%29 Item\Expendables%28소모품%29</Filter>
    </ClInclude>
    <ClInclude Include="..\Headers\Material.h">
      <Filter>02.GameObject\Stage\7%29 Item\Material%28재료%29</Filter>
    </ClInclude>
    <ClInclude Include="..\Headers\Drain_Weapon.h">
      <Filter>02.GameObject\Stage\0%29 Player\00%29 DrainWeapon</Filter>
    </ClInclude>
    <ClInclude Include="..\Headers\GunGenji.h">
      <Filter>02.GameObject\Stage\2%29 Monster\Genji\Gun</Filter>
    </ClInclude>
    <ClInclude Include="..\Headers\SwordGenji.h">
      <Filter>02.GameObject\Stage\2%29 Monster\Genji\Sword</Filter>
    </ClInclude>
    <ClInclude Include="..\Headers\SwordShieldGenji.h">
      <Filter>02.GameObject\Stage\2%29 Monster\Genji\SwordShield</Filter>
    </ClInclude>
    <ClInclude Include="..\Headers\Get_ItemUI.h">
      <Filter>02.GameObject\Stage\5%29 UI\UI\06. Get_ItemUI</Filter>
    </ClInclude>
    <ClInclude Include="..\Headers\PickUp_ItemUI.h">
      <Filter>02.GameObject\Stage\5%29 UI\UI\06. Get_ItemUI\PickUp_ItemUI</Filter>
    </ClInclude>
    <ClInclude Include="..\Headers\GunGenjiBullet.h">
      <Filter>02.GameObject\Stage\2%29 Monster\Genji\Gun</Filter>
    </ClInclude>
    <ClInclude Include="..\Headers\SwordGenjiBullet.h">
      <Filter>02.GameObject\Stage\2%29 Monster\Genji\Sword</Filter>
    </ClInclude>
    <ClInclude Include="..\Headers\ScriptManager.h">
      <Filter>96.ScriptManager</Filter>
    </ClInclude>
    <ClInclude Include="..\Headers\Get_ItemUI.h">
      <Filter>02.GameObject\Stage\5%29 UI\UI\04. Get_ItemUI</Filter>
    </ClInclude>
    <ClInclude Include="..\Headers\PickUp_ItemUI.h">
      <Filter>02.GameObject\Stage\5%29 UI\UI\04. Get_ItemUI\PickUp_ItemUI</Filter>
    </ClInclude>
    <ClInclude Include="..\Headers\MassageUI.h">
      <Filter>02.GameObject\Stage\5%29 UI\UI\07. MassageUI</Filter>
    </ClInclude>
    <ClInclude Include="..\Headers\MonsterUI.h">
      <Filter>02.GameObject\Stage\5%29 UI\UI\01.MonsterUI</Filter>
    </ClInclude>
    <ClInclude Include="..\Headers\PoisonBullet.h">
      <Filter>02.GameObject\Stage\1%29 Boss\PoisonButterfly\Bullet</Filter>
    </ClInclude>
    <ClInclude Include="..\Headers\PoisonChaseBullet.h">
      <Filter>02.GameObject\Stage\1%29 Boss\PoisonButterfly\Bullet</Filter>
    </ClInclude>
    <ClInclude Include="..\Headers\PoisonRotationBullet.h">
      <Filter>02.GameObject\Stage\1%29 Boss\PoisonButterfly\Bullet</Filter>
    </ClInclude>
    <ClInclude Include="..\Headers\PoisonTornado.h">
      <Filter>02.GameObject\Stage\1%29 Boss\PoisonButterfly\Bullet</Filter>
    </ClInclude>
    <ClInclude Include="..\Headers\MassageUI.h">
      <Filter>02.GameObject\Stage\5%29 UI\UI\04. MassageUI</Filter>
    </ClInclude>
    <ClInclude Include="..\Headers\BloodCode_Icon.h">
      <Filter>02.GameObject\Stage\5%29 UI\UI\03.Inven_UI\02.Icon\BloodCode_Icon</Filter>
    </ClInclude>
    <ClInclude Include="..\Headers\Info_Slot.h">
      <Filter>02.GameObject\Stage\5%29 UI\UI\03.Inven_UI\01.Slot\08. InfoSlot</Filter>
    </ClInclude>
    <ClInclude Include="..\Headers\Inventory_Icon.h">
      <Filter>02.GameObject\Stage\5%29 UI\UI\03.Inven_UI\02.Icon\Inventory_Icon</Filter>
    </ClInclude>
    <ClInclude Include="..\Headers\Inventory.h">
      <Filter>02.GameObject\Stage\5%29 UI\UI\03.Inven_UI\00.Inventory\04.Inventory</Filter>
    </ClInclude>
    <ClInclude Include="..\Headers\Total_Inven.h">
      <Filter>02.GameObject\Stage\5%29 UI\UI\03.Inven_UI\00.Inventory\05.Total_Inven</Filter>
    </ClInclude>
    <ClInclude Include="..\Headers\PoisonChaseBullet.h">
      <Filter>02.GameObject\Stage\1%29 Boss\PoisonButterfly\Bullet</Filter>
    </ClInclude>
    <ClInclude Include="..\Headers\FontNumUI.h">
      <Filter>02.GameObject\Stage\5%29 UI\UI\08. FontNumUI</Filter>
    </ClInclude>
    <ClInclude Include="..\Headers\DamegeNumUI.h">
      <Filter>02.GameObject\Stage\5%29 UI\UI\01.MonsterUI\DamegeNumUI</Filter>
    </ClInclude>
    <ClInclude Include="..\Headers\QueensKnight.h">
      <Filter>02.GameObject\Stage\1%29 Boss\QueensKnight</Filter>
    </ClInclude>
    <ClInclude Include="..\Headers\Player_Colleague.h">
      <Filter>02.GameObject\Stage\9%29 Player_Colleague</Filter>
    </ClInclude>
    <ClInclude Include="..\Headers\IceGirl.h">
      <Filter>02.GameObject\Stage\1%29 Boss\IceGirl</Filter>
    </ClInclude>
    <ClInclude Include="..\Headers\SwordBullet.h">
      <Filter>02.GameObject\Stage\1%29 Boss\IceGirl\Bullet</Filter>
    </ClInclude>
    <ClInclude Include="..\Headers\IceBarrier.h">
      <Filter>02.GameObject\Stage\1%29 Boss\IceGirl\Bullet</Filter>
    </ClInclude>
    <ClInclude Include="..\Headers\MonsterHeaders.h">
      <Filter>01.Scene\99.Loading</Filter>
    </ClInclude>
    <ClInclude Include="..\Headers\FireBoy.h">
      <Filter>02.GameObject\Stage\1%29 Boss\FireBoy</Filter>
    </ClInclude>
    <ClInclude Include="..\Headers\GunAttackCol.h">
      <Filter>02.GameObject\Stage\1%29 Boss\FireBoy\Bullet</Filter>
    </ClInclude>
    <ClInclude Include="..\Headers\FireBullet.h">
      <Filter>02.GameObject\Stage\1%29 Boss\FireBoy\Bullet</Filter>
    </ClInclude>
    <ClInclude Include="..\Headers\FireSphere.h">
      <Filter>02.GameObject\Stage\1%29 Boss\FireBoy\Bullet</Filter>
    </ClInclude>
    <ClInclude Include="..\Headers\FireGround.h">
      <Filter>02.GameObject\Stage\1%29 Boss\FireBoy\Bullet</Filter>
    </ClInclude>
    <ClInclude Include="..\Headers\FireTornadoCol.h">
      <Filter>02.GameObject\Stage\1%29 Boss\FireBoy\Bullet</Filter>
    </ClInclude>
    <ClInclude Include="..\Headers\DarkGroundBullet.h">
      <Filter>02.GameObject\Stage\1%29 Boss\QueensKnight\Bullet</Filter>
    </ClInclude>
    <ClInclude Include="..\Headers\DarkBoom.h">
      <Filter>02.GameObject\Stage\1%29 Boss\QueensKnight\Bullet</Filter>
    </ClInclude>
    <ClInclude Include="..\Headers\DarkMidCol.h">
      <Filter>02.GameObject\Stage\1%29 Boss\QueensKnight\Bullet</Filter>
    </ClInclude>
    <ClInclude Include="..\Headers\Active_Icon.h">
      <Filter>02.GameObject\Stage\5%29 UI\UI\09. SkillUI\00. Active_Icon</Filter>
    </ClInclude>
    <ClInclude Include="..\Headers\Passive_Icon.h">
      <Filter>02.GameObject\Stage\5%29 UI\UI\09. SkillUI\01. Passive_Icon</Filter>
    </ClInclude>
    <ClInclude Include="..\Headers\LoadingScreen.h">
      <Filter>02.GameObject\Public\0%29 Loading_Screen</Filter>
    </ClInclude>
    <ClInclude Include="..\Headers\LoadingBar.h">
      <Filter>02.GameObject\Public\1%29 Loading_Bar</Filter>
    </ClInclude>
    <ClInclude Include="..\Headers\SkillUI.h">
      <Filter>02.GameObject\Stage\5%29 UI\UI\09. SkillUI</Filter>
    </ClInclude>
    <ClInclude Include="..\Headers\SkillGauge.h">
      <Filter>02.GameObject\Stage\5%29 UI\UI\09. SkillUI\02. Skill_Gauge</Filter>
    </ClInclude>
    <ClInclude Include="..\Headers\CursorEffect.h">
      <Filter>02.GameObject\Stage\5%29 UI\UI\99.Public\CursorEffect</Filter>
    </ClInclude>
    <ClInclude Include="..\Headers\StageUI.h">
      <Filter>02.GameObject\Stage\5%29 UI\UI\10. StageSelectUI\00. StageUI</Filter>
    </ClInclude>
    <ClInclude Include="..\Headers\StageSelectUI.h">
      <Filter>02.GameObject\Stage\5%29 UI\UI\10. StageSelectUI</Filter>
    </ClInclude>
    <ClInclude Include="..\Headers\MistletoeUI.h">
      <Filter>02.GameObject\Stage\5%29 UI\UI\11. MistletoeUI</Filter>
    </ClInclude>
    <ClInclude Include="..\Headers\MistletoeOptionUI.h">
      <Filter>02.GameObject\Stage\5%29 UI\UI\11. MistletoeUI\MistletoeOptionUI</Filter>
    </ClInclude>
    <ClInclude Include="..\Headers\LeakField.h">
      <Filter>02.GameObject\Stage\1%29 Boss\QueensKnight\Bullet</Filter>
    </ClInclude>
    <ClInclude Include="..\Headers\SubStageUI.h">
      <Filter>02.GameObject\Stage\5%29 UI\UI\10. StageSelectUI\01. SubStageUI</Filter>
    </ClInclude>
    <ClInclude Include="..\Headers\ConditionUI.h">
      <Filter>02.GameObject\Stage\5%29 UI\UI\12. StatusUI\01. ConditionUI</Filter>
    </ClInclude>
    <ClInclude Include="..\Headers\ExpUI.h">
      <Filter>02.GameObject\Stage\5%29 UI\UI\12. StatusUI\00. ExpUI</Filter>
    </ClInclude>
    <ClInclude Include="..\Headers\StatusUI.h">
      <Filter>02.GameObject\Stage\5%29 UI\UI\12. StatusUI</Filter>
    </ClInclude>
    <ClInclude Include="..\Headers\ColdBeamBig.h">
      <Filter>02.GameObject\Stage\1%29 Boss\IceGirl\Bullet</Filter>
    </ClInclude>
    <ClInclude Include="..\Headers\ColdBeamMiddle.h">
      <Filter>02.GameObject\Stage\1%29 Boss\IceGirl\Bullet</Filter>
    </ClInclude>
    <ClInclude Include="..\Headers\ColdBeamSmall.h">
      <Filter>02.GameObject\Stage\1%29 Boss\IceGirl\Bullet</Filter>
    </ClInclude>
    <ClInclude Include="..\Headers\ColdBeamSharp.h">
      <Filter>02.GameObject\Stage\1%29 Boss\IceGirl\Bullet</Filter>
    </ClInclude>
    <ClInclude Include="..\Headers\Scene_Stage_04.h">
      <Filter>01.Scene\07.Stage_04</Filter>
    </ClInclude>
    <ClInclude Include="..\Headers\DeerKing.h">
      <Filter>02.GameObject\Stage\1%29 Boss\DeerKing</Filter>
    </ClInclude>
    <ClInclude Include="..\Headers\UI_FontNum.h">
      <Filter>02.GameObject\Stage\5%29 UI\UI\14. Font</Filter>
    </ClInclude>
    <ClInclude Include="..\Headers\DeerKingBullet.h">
      <Filter>02.GameObject\Stage\1%29 Boss\DeerKing\Bullet</Filter>
    </ClInclude>
    <ClInclude Include="..\Headers\DeerKingColdBeam.h">
      <Filter>02.GameObject\Stage\1%29 Boss\DeerKing\Bullet</Filter>
    </ClInclude>
    <ClInclude Include="..\Headers\PlayerFontUI.h">
      <Filter>02.GameObject\Stage\5%29 UI\UI\08. FontNumUI\PlayerFontUI</Filter>
    </ClInclude>
    <ClInclude Include="..\Headers\BloodCodeMenuUI.h">
      <Filter>02.GameObject\Stage\5%29 UI\UI\13. BloodCodeMenuUI</Filter>
    </ClInclude>
    <ClInclude Include="..\Headers\BloodCodeSelectUI.h">
      <Filter>02.GameObject\Stage\5%29 UI\UI\13. BloodCodeMenuUI\00. BloodCodeSelectUI</Filter>
    </ClInclude>
    <ClInclude Include="..\Headers\BloodCodeSlot.h">
      <Filter>02.GameObject\Stage\5%29 UI\UI\13. BloodCodeMenuUI\00. BloodCodeSelectUI\BloodCodeSlot</Filter>
    </ClInclude>
    <ClInclude Include="..\Headers\BloodSkillSlot.h">
      <Filter>02.GameObject\Stage\5%29 UI\UI\13. BloodCodeMenuUI\01. SkillReleaseUI\BloodSkillSlot</Filter>
    </ClInclude>
    <ClInclude Include="..\Headers\DeerKingJumpFistCol.h">
      <Filter>02.GameObject\Stage\1%29 Boss\DeerKing\Bullet</Filter>
    </ClInclude>
    <ClInclude Include="..\Headers\DeerKingJumpInPlaceCol.h">
      <Filter>02.GameObject\Stage\1%29 Boss\DeerKing\Bullet</Filter>
    </ClInclude>
    <ClInclude Include="..\Headers\DeerKingRushCol.h">
      <Filter>02.GameObject\Stage\1%29 Boss\DeerKing\Bullet</Filter>
    </ClInclude>
    <ClInclude Include="..\Headers\Haze.h">
      <Filter>02.GameObject\Stage\7%29 Item\Haze</Filter>
    </ClInclude>
    <ClInclude Include="..\Headers\Flag.h">
      <Filter>02.GameObject\Stage\Physx</Filter>
    </ClInclude>
    <ClInclude Include="..\Headers\Pet_PoisonButterFly.h">
      <Filter>02.GameObject\Stage\10%29 Pet\01.PoisonButterFly</Filter>
    </ClInclude>
    <ClInclude Include="..\Headers\BloodSkillCursor.h">
      <Filter>02.GameObject\Stage\5%29 UI\UI\13. BloodCodeMenuUI\01. SkillReleaseUI\BloodSkillCursor</Filter>
    </ClInclude>
    <ClInclude Include="..\Headers\BloodCodeUI.h">
      <Filter>02.GameObject\Stage\5%29 UI\UI\03.Inven_UI\01.Slot\09. BloodCodeUI</Filter>
    </ClInclude>
    <ClInclude Include="..\Headers\Effect_BloodChunk.h">
      <Filter>02.GameObject\Stage\3%29 Effect\Effect_BloodChunk</Filter>
    </ClInclude>
    <ClInclude Include="..\Headers\Effect_LongSpark.h">
      <Filter>02.GameObject\Stage\3%29 Effect\Effect_LongSpark</Filter>
    </ClInclude>
    <ClInclude Include="..\Headers\Sky_Blur.h">
      <Filter>02.GameObject\Stage\4%29 Sky\Sky_Blur</Filter>
    </ClInclude>
    <ClInclude Include="..\Headers\ReleaseQuestionUI.h">
      <Filter>02.GameObject\Stage\5%29 UI\UI\13. BloodCodeMenuUI\01. SkillReleaseUI\SkillReleaseMasage</Filter>
    </ClInclude>
    <ClInclude Include="..\Headers\BloodCodeOwner.h">
      <Filter>02.GameObject\Stage\5%29 UI\UI\13. BloodCodeMenuUI\02. BloodCodeOwner</Filter>
    </ClInclude>
    <ClInclude Include="..\Headers\SkillAcquisitionUI.h">
      <Filter>02.GameObject\Stage\5%29 UI\UI\13. BloodCodeMenuUI\01. SkillReleaseUI\SkillAcquisitionUI</Filter>
    </ClInclude>
    <ClInclude Include="..\Headers\OKMessageUI.h">
      <Filter>02.GameObject\Stage\5%29 UI\UI\13. BloodCodeMenuUI\01. SkillReleaseUI\SkillAcquisitionUI</Filter>
    </ClInclude>
    <ClInclude Include="..\Headers\Skill_Inven.h">
      <Filter>02.GameObject\Stage\5%29 UI\UI\03.Inven_UI\00.Inventory\07. Skill_Inven</Filter>
    </ClInclude>
    <ClInclude Include="..\Headers\SkillSlot.h">
      <Filter>02.GameObject\Stage\5%29 UI\UI\03.Inven_UI\01.Slot\10. SkillSlot</Filter>
    </ClInclude>
    <ClInclude Include="SkillIcon.h">
      <Filter>02.GameObject\Stage\5%29 UI\UI\03.Inven_UI\02.Icon\SkillIcon</Filter>
    </ClInclude>
    <ClInclude Include="..\Headers\SkillReleaseUI.h">
      <Filter>02.GameObject\Stage\5%29 UI\UI\13. BloodCodeMenuUI\01. SkillReleaseUI\SkillReleaseUI</Filter>
    </ClInclude>
    <ClInclude Include="..\Headers\Pet.h">
      <Filter>02.GameObject\Stage\10%29 Pet</Filter>
    </ClInclude>
    <ClInclude Include="..\Headers\Pet_Bullet.h">
      <Filter>02.GameObject\Stage\10%29 Pet</Filter>
    </ClInclude>
    <ClInclude Include="..\Headers\Monster.h">
      <Filter>02.GameObject\Stage\2%29 Monster</Filter>
    </ClInclude>
    <ClInclude Include="..\Headers\DeerKingIceSword.h">
      <Filter>02.GameObject\Stage\1%29 Boss\DeerKing\Bullet</Filter>
    </ClInclude>
    <ClInclude Include="..\Headers\DeerKingRightHandCol.h">
      <Filter>02.GameObject\Stage\1%29 Boss\DeerKing\Bullet</Filter>
    </ClInclude>
    <ClInclude Include="..\Headers\FireHandBall.h">
      <Filter>02.GameObject\Stage\1%29 Boss\FireBoy\Bullet</Filter>
    </ClInclude>
    <ClInclude Include="..\Headers\FireFlame.h">
      <Filter>02.GameObject\Stage\1%29 Boss\FireBoy\Bullet</Filter>
    </ClInclude>
    <ClInclude Include="..\Headers\ReleaseOption.h">
      <Filter>02.GameObject\Stage\5%29 UI\UI\13. BloodCodeMenuUI\01. SkillReleaseUI\SkillReleaseMasage</Filter>
    </ClInclude>
    <ClInclude Include="..\Headers\Pet_Inven.h">
      <Filter>02.GameObject\Stage\5%29 UI\UI\03.Inven_UI\00.Inventory\08. Pet_Inven</Filter>
    </ClInclude>
    <ClInclude Include="..\Headers\NoticeUI.h">
      <Filter>02.GameObject\Stage\5%29 UI\UI\03.Inven_UI\02.Icon\NoticeUI</Filter>
    </ClInclude>
    <ClInclude Include="..\Headers\ExplainSkillUI.h">
      <Filter>02.GameObject\Stage\5%29 UI\UI\03.Inven_UI\00.Inventory\07. Skill_Inven</Filter>
    </ClInclude>
    <ClInclude Include="..\Headers\Pet_Slot.h">
      <Filter>02.GameObject\Stage\5%29 UI\UI\03.Inven_UI\01.Slot\11.PetSlot</Filter>
    </ClInclude>
    <ClInclude Include="..\Headers\Colleague_UI.h">
      <Filter>02.GameObject\Stage\5%29 UI\UI\15. Colleague UI</Filter>
    </ClInclude>
    <ClInclude Include="..\Headers\Colleague_Bullet.h">
      <Filter>02.GameObject\Stage\9%29 Player_Colleague\Colleague Bullet\Att Bullet</Filter>
    </ClInclude>
    <ClInclude Include="..\Headers\Colleague_Jack.h">
      <Filter>02.GameObject\Stage\5%29 UI\UI\15. Colleague UI\Colleague Jack</Filter>
    </ClInclude>
    <ClInclude Include="..\Headers\CollBullet_Heal.h">
      <Filter>02.GameObject\Stage\9%29 Player_Colleague\Colleague Bullet\Heal Bullet</Filter>
    </ClInclude>
    <ClInclude Include="..\Headers\Effect_FireFlower.h">
      <Filter>02.GameObject\Stage\3%29 Effect\Effect_FireFlower</Filter>
    </ClInclude>
    <ClInclude Include="..\Headers\Hunter.h">
      <Filter>02.GameObject\Stage\2%29 Monster\Hunter</Filter>
    </ClInclude>
    <ClInclude Include="..\Headers\HunterBullet.h">
      <Filter>02.GameObject\Stage\2%29 Monster\Hunter</Filter>
    </ClInclude>
    <ClInclude Include="..\Headers\Monkey.h">
      <Filter>02.GameObject\Stage\2%29 Monster\Monkey</Filter>
    </ClInclude>
    <ClInclude Include="..\Headers\MonkeyBullet.h">
      <Filter>02.GameObject\Stage\2%29 Monster\Monkey</Filter>
    </ClInclude>
    <ClInclude Include="..\Headers\ThaiMan.h">
      <Filter>02.GameObject\Stage\2%29 Monster\ThaiMan</Filter>
    </ClInclude>
    <ClInclude Include="..\Headers\Urchin.h">
      <Filter>02.GameObject\Stage\2%29 Monster\Urchin</Filter>
    </ClInclude>
    <ClInclude Include="..\Headers\Wolf.h">
      <Filter>02.GameObject\Stage\2%29 Monster\Wolf</Filter>
    </ClInclude>
    <ClInclude Include="..\Headers\YachaMan.h">
      <Filter>02.GameObject\Stage\2%29 Monster\YachaMan</Filter>
    </ClInclude>
    <ClInclude Include="..\Headers\Yeti.h">
      <Filter>02.GameObject\Stage\2%29 Monster\Yeti</Filter>
    </ClInclude>
    <ClInclude Include="..\Headers\YetiBullet.h">
      <Filter>02.GameObject\Stage\2%29 Monster\Yeti</Filter>
    </ClInclude>
    <ClInclude Include="..\Headers\Cocoon.h">
      <Filter>02.GameObject\Stage\2%29 Monster\Cocoon</Filter>
    </ClInclude>
    <ClInclude Include="..\Headers\CocoonBigBullet.h">
      <Filter>02.GameObject\Stage\2%29 Monster\Cocoon</Filter>
    </ClInclude>
    <ClInclude Include="..\Headers\CocoonBullet.h">
      <Filter>02.GameObject\Stage\2%29 Monster\Cocoon</Filter>
    </ClInclude>
    <ClInclude Include="..\Headers\Monster.h">
      <Filter>02.GameObject\Stage\2%29 Monster</Filter>
    </ClInclude>
    <ClInclude Include="..\Headers\DropItem.h">
      <Filter>02.GameObject\Stage\7%29 Item</Filter>
    </ClInclude>
    <ClInclude Include="..\Headers\DropItem.h">
      <Filter>02.GameObject\Stage\7%29 Item</Filter>
    </ClInclude>
    <ClInclude Include="Client_Item_Enum.h">
      <Filter>98.Headers</Filter>
    </ClInclude>
    <ClInclude Include="..\Headers\SoundManager.h">
      <Filter>95. SoundManager</Filter>
    </ClInclude>
    <ClInclude Include="..\Headers\StageAgent.h">
      <Filter>94. StageAgent</Filter>
    </ClInclude>
    <ClInclude Include="..\Headers\Costume_Hair.h">
      <Filter>02.GameObject\Stage\0%29 Player\01%29 Costume\[1] Hair</Filter>
    </ClInclude>
    <ClInclude Include="..\Headers\Costume_Accessory.h">
      <Filter>02.GameObject\Stage\0%29 Player\01%29 Costume\[3] Accessory</Filter>
    </ClInclude>
    <ClInclude Include="..\Headers\Costume_Outer.h">
      <Filter>02.GameObject\Stage\0%29 Player\01%29 Costume\[2] Outer</Filter>
    </ClInclude>
    <ClInclude Include="..\Headers\HazeUI.h">
      <Filter>02.GameObject\Stage\5%29 UI\UI\04. HazeUI</Filter>
    </ClInclude>
    <ClInclude Include="..\Headers\MouseUI.h">
      <Filter>02.GameObject\Stage\5%29 UI\UI\99.Public\MouseUI</Filter>
    </ClInclude>
  </ItemGroup>
  <ItemGroup>
    <ClCompile Include="Client.cpp">
      <Filter>99.Default</Filter>
    </ClCompile>
    <ClCompile Include="stdafx.cpp">
      <Filter>99.Default</Filter>
    </ClCompile>
    <ClCompile Include="..\Codes\MainApp.cpp">
      <Filter>00.MainApp</Filter>
    </ClCompile>
    <ClCompile Include="..\Codes\Scene_Logo.cpp">
      <Filter>01.Scene\00.Logo</Filter>
    </ClCompile>
    <ClCompile Include="..\Codes\BackGround.cpp">
      <Filter>02.GameObject\Logo\BackGround</Filter>
    </ClCompile>
    <ClCompile Include="..\Codes\Loading.cpp">
      <Filter>01.Scene\99.Loading</Filter>
    </ClCompile>
    <ClCompile Include="..\Codes\Player.cpp">
      <Filter>02.GameObject\Stage\0%29 Player</Filter>
    </ClCompile>
    <ClCompile Include="..\Codes\Sky.cpp">
      <Filter>02.GameObject\Stage\4%29 Sky</Filter>
    </ClCompile>
    <ClCompile Include="..\Codes\LogoBtn.cpp">
      <Filter>02.GameObject\Logo\LogoButton</Filter>
    </ClCompile>
    <ClCompile Include="..\Codes\Weapon.cpp">
      <Filter>02.GameObject\Stage\6%29 Weapon</Filter>
    </ClCompile>
    <ClCompile Include="..\Codes\PlayerHP.cpp">
      <Filter>02.GameObject\Stage\5%29 UI\UI\00.PlayerUI\PlayerHP</Filter>
    </ClCompile>
    <ClCompile Include="..\Codes\PlayerST.cpp">
      <Filter>02.GameObject\Stage\5%29 UI\UI\00.PlayerUI\PlayerST</Filter>
    </ClCompile>
    <ClCompile Include="..\Codes\BossHP.cpp">
      <Filter>02.GameObject\Stage\5%29 UI\UI\02.BossUI\BossHP</Filter>
    </ClCompile>
    <ClCompile Include="..\Codes\BossDecoUI.cpp">
      <Filter>02.GameObject\Stage\5%29 UI\UI\02.BossUI\BossDecoUI</Filter>
    </ClCompile>
    <ClCompile Include="..\Codes\UI_Manager.cpp">
      <Filter>02.GameObject\Stage\5%29 UI\Manager\UI_Manager</Filter>
    </ClCompile>
    <ClCompile Include="..\Codes\Item_Manager.cpp">
      <Filter>02.GameObject\Stage\5%29 UI\Manager\Item_Manager</Filter>
    </ClCompile>
    <ClCompile Include="..\Codes\Dummy_Target.cpp">
      <Filter>02.GameObject\Stage\2%29 Monster\00%29 Dummy_Target</Filter>
    </ClCompile>
    <ClCompile Include="..\Codes\PoisonButterfly.cpp">
      <Filter>02.GameObject\Stage\1%29 Boss\PoisonButterfly</Filter>
    </ClCompile>
    <ClCompile Include="..\Codes\Scene_Title.cpp">
      <Filter>01.Scene\01.Title</Filter>
    </ClCompile>
    <ClCompile Include="..\Codes\Scene_Stage_Base.cpp">
      <Filter>01.Scene\03.Stage_Base</Filter>
    </ClCompile>
    <ClCompile Include="..\Codes\Scene_Stage_02.cpp">
      <Filter>01.Scene\05.Stage_02</Filter>
    </ClCompile>
    <ClCompile Include="..\Codes\Scene_Stage_01.cpp">
      <Filter>01.Scene\04.Stage_01</Filter>
    </ClCompile>
    <ClCompile Include="..\Codes\Scene_Stage_Training.cpp">
      <Filter>01.Scene\02.Stage_Training</Filter>
    </ClCompile>
    <ClCompile Include="..\Codes\Scene_Stage_03.cpp">
      <Filter>01.Scene\06.Stage_03</Filter>
    </ClCompile>
    <ClCompile Include="..\Codes\QuickSlot.cpp">
      <Filter>02.GameObject\Stage\5%29 UI\UI\05.QuickSlot</Filter>
    </ClCompile>
    <ClCompile Include="..\Codes\Expendables_Inven.cpp">
      <Filter>02.GameObject\Stage\5%29 UI\UI\03.Inven_UI\00.Inventory\00.Expendables</Filter>
    </ClCompile>
    <ClCompile Include="..\Codes\Material_Inven.cpp">
      <Filter>02.GameObject\Stage\5%29 UI\UI\03.Inven_UI\00.Inventory\01.Material</Filter>
    </ClCompile>
    <ClCompile Include="..\Codes\Weapon_Inven.cpp">
      <Filter>02.GameObject\Stage\5%29 UI\UI\03.Inven_UI\00.Inventory\02.Weapon</Filter>
    </ClCompile>
    <ClCompile Include="..\Codes\Armor_Inven.cpp">
      <Filter>02.GameObject\Stage\5%29 UI\UI\03.Inven_UI\00.Inventory\03.Armor</Filter>
    </ClCompile>
    <ClCompile Include="..\Codes\Expendables_Slot.cpp">
      <Filter>02.GameObject\Stage\5%29 UI\UI\03.Inven_UI\01.Slot\00.Expendables</Filter>
    </ClCompile>
    <ClCompile Include="..\Codes\Material_Slot.cpp">
      <Filter>02.GameObject\Stage\5%29 UI\UI\03.Inven_UI\01.Slot\01.Material</Filter>
    </ClCompile>
    <ClCompile Include="..\Codes\Weapon_Slot.cpp">
      <Filter>02.GameObject\Stage\5%29 UI\UI\03.Inven_UI\01.Slot\02.Weapon</Filter>
    </ClCompile>
    <ClCompile Include="..\Codes\Armor_Slot.cpp">
      <Filter>02.GameObject\Stage\5%29 UI\UI\03.Inven_UI\01.Slot\03.Armor</Filter>
    </ClCompile>
    <ClCompile Include="..\Codes\Expendables.cpp">
      <Filter>02.GameObject\Stage\7%29 Item\Expendables%28소모품%29</Filter>
    </ClCompile>
    <ClCompile Include="..\Codes\Material.cpp">
      <Filter>02.GameObject\Stage\7%29 Item\Material%28재료%29</Filter>
    </ClCompile>
    <ClCompile Include="..\Codes\Drain_Weapon.cpp">
      <Filter>02.GameObject\Stage\0%29 Player\00%29 DrainWeapon</Filter>
    </ClCompile>
    <ClCompile Include="..\Codes\GunGenji.cpp">
      <Filter>02.GameObject\Stage\2%29 Monster\Genji\Gun</Filter>
    </ClCompile>
    <ClCompile Include="..\Codes\SwordGenji.cpp">
      <Filter>02.GameObject\Stage\2%29 Monster\Genji\Sword</Filter>
    </ClCompile>
    <ClCompile Include="..\Codes\SwordShieldGenji.cpp">
      <Filter>02.GameObject\Stage\2%29 Monster\Genji\SwordShield</Filter>
    </ClCompile>
    <ClCompile Include="..\Codes\MonsterUI.cpp">
      <Filter>02.GameObject\Stage\5%29 UI\UI\01.MonsterUI</Filter>
    </ClCompile>
    <ClCompile Include="..\Codes\PickUp_ItemUI.cpp">
      <Filter>02.GameObject\Stage\5%29 UI\UI\06. Get_ItemUI\PickUp_ItemUI</Filter>
    </ClCompile>
    <ClCompile Include="..\Codes\Get_ItemUI.cpp">
      <Filter>02.GameObject\Stage\5%29 UI\UI\06. Get_ItemUI</Filter>
    </ClCompile>
    <ClCompile Include="..\Codes\GunGenjiBullet.cpp">
      <Filter>02.GameObject\Stage\2%29 Monster\Genji\Gun</Filter>
    </ClCompile>
    <ClCompile Include="..\Codes\SwordGenjiBullet.cpp">
      <Filter>02.GameObject\Stage\2%29 Monster\Genji\Sword</Filter>
    </ClCompile>
    <ClCompile Include="..\Codes\ScriptManager.cpp">
      <Filter>96.ScriptManager</Filter>
    </ClCompile>
    <ClCompile Include="..\Codes\MonsterUI.cpp">
      <Filter>02.GameObject\Stage\5%29 UI\UI\01.MonsterUI</Filter>
    </ClCompile>
    <ClCompile Include="..\Codes\Get_ItemUI.cpp">
      <Filter>02.GameObject\Stage\5%29 UI\UI\04. Get_ItemUI</Filter>
    </ClCompile>
    <ClCompile Include="..\Codes\PickUp_ItemUI.cpp">
      <Filter>02.GameObject\Stage\5%29 UI\UI\04. Get_ItemUI\PickUp_ItemUI</Filter>
    </ClCompile>
    <ClCompile Include="..\Codes\PoisonBullet.cpp">
      <Filter>02.GameObject\Stage\1%29 Boss\PoisonButterfly\Bullet</Filter>
    </ClCompile>
    <ClCompile Include="..\Codes\PoisonChaseBullet.cpp">
      <Filter>02.GameObject\Stage\1%29 Boss\PoisonButterfly\Bullet</Filter>
    </ClCompile>
    <ClCompile Include="..\Codes\PoisonRotationBullet.cpp">
      <Filter>02.GameObject\Stage\1%29 Boss\PoisonButterfly\Bullet</Filter>
    </ClCompile>
    <ClCompile Include="..\Codes\PoisonTornado.cpp">
      <Filter>02.GameObject\Stage\1%29 Boss\PoisonButterfly\Bullet</Filter>
    </ClCompile>
    <ClCompile Include="..\Codes\BloodCode_Icon.cpp">
      <Filter>02.GameObject\Stage\5%29 UI\UI\03.Inven_UI\02.Icon\BloodCode_Icon</Filter>
    </ClCompile>
    <ClCompile Include="..\Codes\Info_Slot.cpp">
      <Filter>02.GameObject\Stage\5%29 UI\UI\03.Inven_UI\01.Slot\08. InfoSlot</Filter>
    </ClCompile>
    <ClCompile Include="..\Codes\Inventory_Icon.cpp">
      <Filter>02.GameObject\Stage\5%29 UI\UI\03.Inven_UI\02.Icon\Inventory_Icon</Filter>
    </ClCompile>
    <ClCompile Include="..\Codes\Inventory.cpp">
      <Filter>02.GameObject\Stage\5%29 UI\UI\03.Inven_UI\00.Inventory\04.Inventory</Filter>
    </ClCompile>
    <ClCompile Include="..\Codes\Total_Inven.cpp">
      <Filter>02.GameObject\Stage\5%29 UI\UI\03.Inven_UI\00.Inventory\05.Total_Inven</Filter>
    </ClCompile>
    <ClCompile Include="..\Codes\PoisonChaseBullet.cpp">
      <Filter>02.GameObject\Stage\1%29 Boss\PoisonButterfly\Bullet</Filter>
    </ClCompile>
    <ClCompile Include="..\Codes\MassageUI.cpp">
      <Filter>02.GameObject\Stage\5%29 UI\UI\07. MassageUI</Filter>
    </ClCompile>
    <ClCompile Include="..\Codes\FontNumUI.cpp">
      <Filter>02.GameObject\Stage\5%29 UI\UI\08. FontNumUI</Filter>
    </ClCompile>
    <ClCompile Include="..\Codes\DamegeNumUI.cpp">
      <Filter>02.GameObject\Stage\5%29 UI\UI\01.MonsterUI\DamegeNumUI</Filter>
    </ClCompile>
    <ClCompile Include="..\Codes\MassageUI.cpp">
      <Filter>02.GameObject\Stage\5%29 UI\UI\07. MassageUI</Filter>
    </ClCompile>
    <ClCompile Include="..\Codes\QueensKnight.cpp">
      <Filter>02.GameObject\Stage\1%29 Boss\QueensKnight</Filter>
    </ClCompile>
    <ClCompile Include="..\Codes\Player_Colleague.cpp">
      <Filter>02.GameObject\Stage\9%29 Player_Colleague</Filter>
    </ClCompile>
    <ClCompile Include="..\Codes\IceGirl.cpp">
      <Filter>02.GameObject\Stage\1%29 Boss\IceGirl</Filter>
    </ClCompile>
    <ClCompile Include="..\Codes\SwordBullet.cpp">
      <Filter>02.GameObject\Stage\1%29 Boss\IceGirl\Bullet</Filter>
    </ClCompile>
    <ClCompile Include="..\Codes\IceBarrier.cpp">
      <Filter>02.GameObject\Stage\1%29 Boss\IceGirl\Bullet</Filter>
    </ClCompile>
    <ClCompile Include="..\Codes\FireBoy.cpp">
      <Filter>02.GameObject\Stage\1%29 Boss\FireBoy</Filter>
    </ClCompile>
    <ClCompile Include="..\Codes\GunAttackCol.cpp">
      <Filter>02.GameObject\Stage\1%29 Boss\FireBoy\Bullet</Filter>
    </ClCompile>
    <ClCompile Include="..\Codes\FireBullet.cpp">
      <Filter>02.GameObject\Stage\1%29 Boss\FireBoy\Bullet</Filter>
    </ClCompile>
    <ClCompile Include="..\Codes\FireSphere.cpp">
      <Filter>02.GameObject\Stage\1%29 Boss\FireBoy\Bullet</Filter>
    </ClCompile>
    <ClCompile Include="..\Codes\FireGround.cpp">
      <Filter>02.GameObject\Stage\1%29 Boss\FireBoy\Bullet</Filter>
    </ClCompile>
    <ClCompile Include="..\Codes\FireTornadoCol.cpp">
      <Filter>02.GameObject\Stage\1%29 Boss\FireBoy\Bullet</Filter>
    </ClCompile>
    <ClCompile Include="..\Codes\DarkGroundBullet.cpp">
      <Filter>02.GameObject\Stage\1%29 Boss\QueensKnight\Bullet</Filter>
    </ClCompile>
    <ClCompile Include="..\Codes\DarkBoom.cpp">
      <Filter>02.GameObject\Stage\1%29 Boss\QueensKnight\Bullet</Filter>
    </ClCompile>
    <ClCompile Include="..\Codes\DarkMidCol.cpp">
      <Filter>02.GameObject\Stage\1%29 Boss\QueensKnight\Bullet</Filter>
    </ClCompile>
    <ClCompile Include="..\Codes\Active_Icon.cpp">
      <Filter>02.GameObject\Stage\5%29 UI\UI\09. SkillUI\00. Active_Icon</Filter>
    </ClCompile>
    <ClCompile Include="..\Codes\Passive_Icon.cpp">
      <Filter>02.GameObject\Stage\5%29 UI\UI\09. SkillUI\01. Passive_Icon</Filter>
    </ClCompile>
    <ClCompile Include="..\Codes\LoadingScreen.cpp">
      <Filter>02.GameObject\Public\0%29 Loading_Screen</Filter>
    </ClCompile>
    <ClCompile Include="..\Codes\LoadingBar.cpp">
      <Filter>02.GameObject\Public\1%29 Loading_Bar</Filter>
    </ClCompile>
    <ClCompile Include="..\Codes\SkillUI.cpp">
      <Filter>02.GameObject\Stage\5%29 UI\UI\09. SkillUI</Filter>
    </ClCompile>
    <ClCompile Include="..\Codes\SkillGauge.cpp">
      <Filter>02.GameObject\Stage\5%29 UI\UI\09. SkillUI\02. Skill_Gauge</Filter>
    </ClCompile>
    <ClCompile Include="..\Codes\CursorEffect.cpp">
      <Filter>02.GameObject\Stage\5%29 UI\UI\99.Public\CursorEffect</Filter>
    </ClCompile>
    <ClCompile Include="..\Codes\StageUI.cpp">
      <Filter>02.GameObject\Stage\5%29 UI\UI\10. StageSelectUI\00. StageUI</Filter>
    </ClCompile>
    <ClCompile Include="..\Codes\StageSelectUI.cpp">
      <Filter>02.GameObject\Stage\5%29 UI\UI\10. StageSelectUI</Filter>
    </ClCompile>
    <ClCompile Include="..\Codes\MistletoeUI.cpp">
      <Filter>02.GameObject\Stage\5%29 UI\UI\11. MistletoeUI</Filter>
    </ClCompile>
    <ClCompile Include="..\Codes\MistletoeOptionUI.cpp">
      <Filter>02.GameObject\Stage\5%29 UI\UI\11. MistletoeUI\MistletoeOptionUI</Filter>
    </ClCompile>
    <ClCompile Include="..\Codes\LeakField.cpp">
      <Filter>02.GameObject\Stage\1%29 Boss\QueensKnight\Bullet</Filter>
    </ClCompile>
    <ClCompile Include="..\Codes\SubStageUI.cpp">
      <Filter>02.GameObject\Stage\5%29 UI\UI\10. StageSelectUI\01. SubStageUI</Filter>
    </ClCompile>
    <ClCompile Include="..\Codes\ExpUI.cpp">
      <Filter>02.GameObject\Stage\5%29 UI\UI\12. StatusUI\00. ExpUI</Filter>
    </ClCompile>
    <ClCompile Include="..\Codes\ConditionUI.cpp">
      <Filter>02.GameObject\Stage\5%29 UI\UI\12. StatusUI\01. ConditionUI</Filter>
    </ClCompile>
    <ClCompile Include="..\Codes\StatusUI.cpp">
      <Filter>02.GameObject\Stage\5%29 UI\UI\12. StatusUI</Filter>
    </ClCompile>
    <ClCompile Include="..\Codes\ColdBeamBig.cpp">
      <Filter>02.GameObject\Stage\1%29 Boss\IceGirl\Bullet</Filter>
    </ClCompile>
    <ClCompile Include="..\Codes\ColdBeamMiddle.cpp">
      <Filter>02.GameObject\Stage\1%29 Boss\IceGirl\Bullet</Filter>
    </ClCompile>
    <ClCompile Include="..\Codes\ColdBeamSmall.cpp">
      <Filter>02.GameObject\Stage\1%29 Boss\IceGirl\Bullet</Filter>
    </ClCompile>
    <ClCompile Include="..\Codes\ColdBeamSharp.cpp">
      <Filter>02.GameObject\Stage\1%29 Boss\IceGirl\Bullet</Filter>
    </ClCompile>
    <ClCompile Include="..\Codes\Scene_Stage_04.cpp">
      <Filter>01.Scene\07.Stage_04</Filter>
    </ClCompile>
    <ClCompile Include="..\Codes\DeerKing.cpp">
      <Filter>02.GameObject\Stage\1%29 Boss\DeerKing</Filter>
    </ClCompile>
    <ClCompile Include="..\Codes\UI_FontNum.cpp">
      <Filter>02.GameObject\Stage\5%29 UI\UI\14. Font</Filter>
    </ClCompile>
    <ClCompile Include="..\Codes\DeerKingBullet.cpp">
      <Filter>02.GameObject\Stage\1%29 Boss\DeerKing\Bullet</Filter>
    </ClCompile>
    <ClCompile Include="..\Codes\DeerKingColdBeam.cpp">
      <Filter>02.GameObject\Stage\1%29 Boss\DeerKing\Bullet</Filter>
    </ClCompile>
    <ClCompile Include="..\Codes\PlayerFontUI.cpp">
      <Filter>02.GameObject\Stage\5%29 UI\UI\08. FontNumUI\PlayerFontUI</Filter>
    </ClCompile>
    <ClCompile Include="..\Codes\BloodCodeMenuUI.cpp">
      <Filter>02.GameObject\Stage\5%29 UI\UI\13. BloodCodeMenuUI</Filter>
    </ClCompile>
    <ClCompile Include="..\Codes\BloodCodeSelectUI.cpp">
      <Filter>02.GameObject\Stage\5%29 UI\UI\13. BloodCodeMenuUI\00. BloodCodeSelectUI</Filter>
    </ClCompile>
    <ClCompile Include="..\Codes\BloodCodeSlot.cpp">
      <Filter>02.GameObject\Stage\5%29 UI\UI\13. BloodCodeMenuUI\00. BloodCodeSelectUI\BloodCodeSlot</Filter>
    </ClCompile>
    <ClCompile Include="..\Codes\BloodSkillSlot.cpp">
      <Filter>02.GameObject\Stage\5%29 UI\UI\13. BloodCodeMenuUI\01. SkillReleaseUI\BloodSkillSlot</Filter>
    </ClCompile>
    <ClCompile Include="..\Codes\DeerKingJumpFistCol.cpp">
      <Filter>02.GameObject\Stage\1%29 Boss\DeerKing\Bullet</Filter>
    </ClCompile>
    <ClCompile Include="..\Codes\DeerKingJumpInPlaceCol.cpp">
      <Filter>02.GameObject\Stage\1%29 Boss\DeerKing\Bullet</Filter>
    </ClCompile>
    <ClCompile Include="..\Codes\DeerKingRushCol.cpp">
      <Filter>02.GameObject\Stage\1%29 Boss\DeerKing\Bullet</Filter>
    </ClCompile>
    <ClCompile Include="..\Codes\Haze.cpp">
      <Filter>02.GameObject\Stage\7%29 Item\Haze</Filter>
    </ClCompile>
    <ClCompile Include="..\Codes\Flag.cpp">
      <Filter>02.GameObject\Stage\Physx</Filter>
    </ClCompile>
    <ClCompile Include="..\Codes\Pet_PoisonButterFly.cpp">
      <Filter>02.GameObject\Stage\10%29 Pet\01.PoisonButterFly</Filter>
    </ClCompile>
    <ClCompile Include="..\Codes\BloodSkillCursor.cpp">
      <Filter>02.GameObject\Stage\5%29 UI\UI\13. BloodCodeMenuUI\01. SkillReleaseUI\BloodSkillCursor</Filter>
    </ClCompile>
    <ClCompile Include="..\Codes\BloodCodeUI.cpp">
      <Filter>02.GameObject\Stage\5%29 UI\UI\03.Inven_UI\01.Slot\09. BloodCodeUI</Filter>
    </ClCompile>
    <ClCompile Include="..\Codes\Effect_BloodChunk.cpp">
      <Filter>02.GameObject\Stage\3%29 Effect\Effect_BloodChunk</Filter>
    </ClCompile>
    <ClCompile Include="..\Codes\Effect_LongSpark.cpp">
      <Filter>02.GameObject\Stage\3%29 Effect\Effect_LongSpark</Filter>
    </ClCompile>
    <ClCompile Include="..\Codes\Sky_Blur.cpp">
      <Filter>02.GameObject\Stage\4%29 Sky\Sky_Blur</Filter>
    </ClCompile>
    <ClCompile Include="..\Codes\ReleaseQuestionUI.cpp">
      <Filter>02.GameObject\Stage\5%29 UI\UI\13. BloodCodeMenuUI\01. SkillReleaseUI\SkillReleaseMasage</Filter>
    </ClCompile>
    <ClCompile Include="..\Codes\BloodCodeOwner.cpp">
      <Filter>02.GameObject\Stage\5%29 UI\UI\13. BloodCodeMenuUI\02. BloodCodeOwner</Filter>
    </ClCompile>
    <ClCompile Include="..\Codes\SkillAcquisitionUI.cpp">
      <Filter>02.GameObject\Stage\5%29 UI\UI\13. BloodCodeMenuUI\01. SkillReleaseUI\SkillAcquisitionUI</Filter>
    </ClCompile>
    <ClCompile Include="..\Codes\OKMessageUI..cpp">
      <Filter>02.GameObject\Stage\5%29 UI\UI\13. BloodCodeMenuUI\01. SkillReleaseUI\SkillAcquisitionUI</Filter>
    </ClCompile>
    <ClCompile Include="..\Codes\Skill_Inven.cpp">
      <Filter>02.GameObject\Stage\5%29 UI\UI\03.Inven_UI\00.Inventory\07. Skill_Inven</Filter>
    </ClCompile>
    <ClCompile Include="..\Codes\SkillSlot.cpp">
      <Filter>02.GameObject\Stage\5%29 UI\UI\03.Inven_UI\01.Slot\10. SkillSlot</Filter>
    </ClCompile>
    <ClCompile Include="SkillIcon.cpp">
      <Filter>02.GameObject\Stage\5%29 UI\UI\03.Inven_UI\02.Icon\SkillIcon</Filter>
    </ClCompile>
    <ClCompile Include="..\Codes\SkillReleaseUI.cpp">
      <Filter>02.GameObject\Stage\5%29 UI\UI\13. BloodCodeMenuUI\01. SkillReleaseUI\SkillReleaseUI</Filter>
    </ClCompile>
    <ClCompile Include="..\Codes\Pet.cpp">
      <Filter>02.GameObject\Stage\10%29 Pet</Filter>
    </ClCompile>
    <ClCompile Include="..\Codes\Pet_Bullet.cpp">
      <Filter>02.GameObject\Stage\10%29 Pet</Filter>
    </ClCompile>
    <ClCompile Include="..\Codes\DeerKingIceSword.cpp">
      <Filter>02.GameObject\Stage\1%29 Boss\DeerKing\Bullet</Filter>
    </ClCompile>
    <ClCompile Include="..\Codes\DeerKingRightHandCol.cpp">
      <Filter>02.GameObject\Stage\1%29 Boss\DeerKing\Bullet</Filter>
    </ClCompile>
    <ClCompile Include="..\Codes\FireHandBall.cpp">
      <Filter>02.GameObject\Stage\1%29 Boss\FireBoy\Bullet</Filter>
    </ClCompile>
    <ClCompile Include="..\Codes\FireFlame.cpp">
      <Filter>02.GameObject\Stage\1%29 Boss\FireBoy\Bullet</Filter>
    </ClCompile>
    <ClCompile Include="..\Codes\ReleaseOption.cpp">
      <Filter>02.GameObject\Stage\5%29 UI\UI\13. BloodCodeMenuUI\01. SkillReleaseUI\SkillReleaseMasage</Filter>
    </ClCompile>
    <ClCompile Include="..\Codes\Pet_Inven.cpp">
      <Filter>02.GameObject\Stage\5%29 UI\UI\03.Inven_UI\00.Inventory\08. Pet_Inven</Filter>
    </ClCompile>
    <ClCompile Include="..\Codes\NoticeUI.cpp">
      <Filter>02.GameObject\Stage\5%29 UI\UI\03.Inven_UI\02.Icon\NoticeUI</Filter>
    </ClCompile>
    <ClCompile Include="..\Codes\ExplainSkillUI.cpp">
      <Filter>02.GameObject\Stage\5%29 UI\UI\03.Inven_UI\00.Inventory\07. Skill_Inven</Filter>
    </ClCompile>
    <ClCompile Include="..\Codes\Pet_Slot.cpp">
      <Filter>02.GameObject\Stage\5%29 UI\UI\03.Inven_UI\01.Slot\11.PetSlot</Filter>
    </ClCompile>
    <ClCompile Include="..\Codes\Colleague_UI.cpp">
      <Filter>02.GameObject\Stage\5%29 UI\UI\15. Colleague UI</Filter>
    </ClCompile>
    <ClCompile Include="..\Codes\Colleague_Bullet.cpp">
      <Filter>02.GameObject\Stage\9%29 Player_Colleague\Colleague Bullet\Att Bullet</Filter>
    </ClCompile>
    <ClCompile Include="..\Codes\Colleague_Jack.cpp">
      <Filter>02.GameObject\Stage\5%29 UI\UI\15. Colleague UI\Colleague Jack</Filter>
    </ClCompile>
    <ClCompile Include="..\Codes\CollBullet_Heal.cpp">
      <Filter>02.GameObject\Stage\9%29 Player_Colleague\Colleague Bullet\Heal Bullet</Filter>
    </ClCompile>
    <ClCompile Include="..\Codes\Effect_FireFlower.cpp">
      <Filter>02.GameObject\Stage\3%29 Effect\Effect_FireFlower</Filter>
    </ClCompile>
    <ClCompile Include="..\Codes\Hunter.cpp">
      <Filter>02.GameObject\Stage\2%29 Monster\Hunter</Filter>
    </ClCompile>
    <ClCompile Include="..\Codes\HunterBullet.cpp">
      <Filter>02.GameObject\Stage\2%29 Monster\Hunter</Filter>
    </ClCompile>
    <ClCompile Include="..\Codes\Monkey.cpp">
      <Filter>02.GameObject\Stage\2%29 Monster\Monkey</Filter>
    </ClCompile>
    <ClCompile Include="..\Codes\MonkeyBullet.cpp">
      <Filter>02.GameObject\Stage\2%29 Monster\Monkey</Filter>
    </ClCompile>
    <ClCompile Include="..\Codes\ThaiMan.cpp">
      <Filter>02.GameObject\Stage\2%29 Monster\ThaiMan</Filter>
    </ClCompile>
    <ClCompile Include="..\Codes\Urchin.cpp">
      <Filter>02.GameObject\Stage\2%29 Monster\Urchin</Filter>
    </ClCompile>
    <ClCompile Include="..\Codes\Wolf.cpp">
      <Filter>02.GameObject\Stage\2%29 Monster\Wolf</Filter>
    </ClCompile>
    <ClCompile Include="..\Codes\YachaMan.cpp">
      <Filter>02.GameObject\Stage\2%29 Monster\YachaMan</Filter>
    </ClCompile>
    <ClCompile Include="..\Codes\YetiBullet.cpp">
      <Filter>02.GameObject\Stage\2%29 Monster\Yeti</Filter>
    </ClCompile>
    <ClCompile Include="..\Codes\Yeti.cpp">
      <Filter>02.GameObject\Stage\2%29 Monster\Yeti</Filter>
    </ClCompile>
    <ClCompile Include="..\Codes\Cocoon.cpp">
      <Filter>02.GameObject\Stage\2%29 Monster\Cocoon</Filter>
    </ClCompile>
    <ClCompile Include="..\Codes\CocoonBigBullet.cpp">
      <Filter>02.GameObject\Stage\2%29 Monster\Cocoon</Filter>
    </ClCompile>
    <ClCompile Include="..\Codes\CocoonBullet.cpp">
      <Filter>02.GameObject\Stage\2%29 Monster\Cocoon</Filter>
    </ClCompile>
    <ClCompile Include="..\Codes\Monster.cpp">
      <Filter>02.GameObject\Stage\2%29 Monster</Filter>
    </ClCompile>
    <ClCompile Include="..\Codes\DropItem.cpp">
      <Filter>02.GameObject\Stage\7%29 Item</Filter>
    </ClCompile>
    <ClCompile Include="..\Codes\DropItem.cpp">
      <Filter>02.GameObject\Stage\7%29 Item</Filter>
    </ClCompile>
    <ClCompile Include="..\Codes\SoundManager.cpp">
      <Filter>95. SoundManager</Filter>
    </ClCompile>
    <ClCompile Include="..\Codes\StageAgent.cpp">
      <Filter>94. StageAgent</Filter>
    </ClCompile>
    <ClCompile Include="..\Codes\Costume_Hair.cpp">
      <Filter>02.GameObject\Stage\0%29 Player\01%29 Costume\[1] Hair</Filter>
    </ClCompile>
    <ClCompile Include="..\Codes\Costume_Accessory.cpp">
      <Filter>02.GameObject\Stage\0%29 Player\01%29 Costume\[3] Accessory</Filter>
    </ClCompile>
    <ClCompile Include="..\Codes\Costume_Outer.cpp">
      <Filter>02.GameObject\Stage\0%29 Player\01%29 Costume\[2] Outer</Filter>
    </ClInclude>
    <ClCompile Include="..\Codes\HazeUI.cpp">
      <Filter>02.GameObject\Stage\5%29 UI\UI\04. HazeUI</Filter>
    </ClCompile>
    <ClCompile Include="..\Codes\MouseUI.cpp">
      <Filter>02.GameObject\Stage\5%29 UI\UI\99.Public\MouseUI</Filter>
    </ClCompile>
  </ItemGroup>
  <ItemGroup>
    <Image Include="Client.ico">
      <Filter>99.Default</Filter>
    </Image>
    <Image Include="small.ico">
      <Filter>99.Default</Filter>
    </Image>
  </ItemGroup>
  <ItemGroup>
    <ResourceCompile Include="Client.rc">
      <Filter>99.Default</Filter>
    </ResourceCompile>
  </ItemGroup>
  <ItemGroup>
    <Text Include="ReadMe.txt">
      <Filter>99.Default</Filter>
    </Text>
  </ItemGroup>
  <ItemGroup>
    <FxCompile Include="..\ShaderFiles\Shader_Default.fx">
      <Filter>97.ShaderFiles</Filter>
    </FxCompile>
    <FxCompile Include="..\ShaderFiles\Shader_Effect.fx">
      <Filter>97.ShaderFiles</Filter>
    </FxCompile>
    <FxCompile Include="..\ShaderFiles\Shader_Gizmo.fx">
      <Filter>97.ShaderFiles</Filter>
    </FxCompile>
    <FxCompile Include="..\ShaderFiles\Shader_Mesh.fx">
      <Filter>97.ShaderFiles</Filter>
    </FxCompile>
    <FxCompile Include="..\ShaderFiles\Shader_Sky.fx">
      <Filter>97.ShaderFiles</Filter>
    </FxCompile>
    <FxCompile Include="..\ShaderFiles\Shader_Terrain.fx">
      <Filter>97.ShaderFiles</Filter>
    </FxCompile>
    <FxCompile Include="..\ShaderFiles\Shader_UI.fx">
      <Filter>97.ShaderFiles</Filter>
    </FxCompile>
    <FxCompile Include="..\ShaderFiles\Shader_Blur.fx">
      <Filter>97.ShaderFiles</Filter>
    </FxCompile>
    <FxCompile Include="..\ShaderFiles\Shader_SSAO.fx">
      <Filter>97.ShaderFiles</Filter>
    </FxCompile>
    <FxCompile Include="..\ShaderFiles\Shader_3dUI.fx">
      <Filter>97.ShaderFiles</Filter>
    </FxCompile>
  </ItemGroup>
</Project>